// !$*UTF8*$!
{
	archiveVersion = 1;
	classes = {
	};
	objectVersion = 56;
	objects = {

/* Begin PBXBuildFile section */
		04C0E5352AC154ED008CB682 /* AppDelegate.swift in Sources */ = {isa = PBXBuildFile; fileRef = 04C0E5342AC154ED008CB682 /* AppDelegate.swift */; };
		04C0E5372AC154ED008CB682 /* SceneDelegate.swift in Sources */ = {isa = PBXBuildFile; fileRef = 04C0E5362AC154ED008CB682 /* SceneDelegate.swift */; };
		04C0E5392AC154ED008CB682 /* ViewController.swift in Sources */ = {isa = PBXBuildFile; fileRef = 04C0E5382AC154ED008CB682 /* ViewController.swift */; };
		04C0E53C2AC154ED008CB682 /* Main.storyboard in Resources */ = {isa = PBXBuildFile; fileRef = 04C0E53A2AC154ED008CB682 /* Main.storyboard */; };
		04C0E53E2AC154EE008CB682 /* Assets.xcassets in Resources */ = {isa = PBXBuildFile; fileRef = 04C0E53D2AC154EE008CB682 /* Assets.xcassets */; };
		04C0E5412AC154EE008CB682 /* LaunchScreen.storyboard in Resources */ = {isa = PBXBuildFile; fileRef = 04C0E53F2AC154EE008CB682 /* LaunchScreen.storyboard */; };
		04C0E54B2AC1553A008CB682 /* SnapKit in Frameworks */ = {isa = PBXBuildFile; productRef = 04C0E54A2AC1553A008CB682 /* SnapKit */; };
		04C0E54E2AC15596008CB682 /* SplashScreenView.swift in Sources */ = {isa = PBXBuildFile; fileRef = 04C0E54D2AC15596008CB682 /* SplashScreenView.swift */; };
		04C84A9C2AC64B3E0022A480 /* Alamofire in Frameworks */ = {isa = PBXBuildFile; productRef = 04C84A9B2AC64B3E0022A480 /* Alamofire */; };
		04C84A9F2AC64B770022A480 /* AlamofireImage in Frameworks */ = {isa = PBXBuildFile; productRef = 04C84A9E2AC64B770022A480 /* AlamofireImage */; };
		04C84AA22AC64BC10022A480 /* MainView.swift in Sources */ = {isa = PBXBuildFile; fileRef = 04C84AA12AC64BC10022A480 /* MainView.swift */; };
		04C84AA42AC64BE70022A480 /* MainViewController.swift in Sources */ = {isa = PBXBuildFile; fileRef = 04C84AA32AC64BE70022A480 /* MainViewController.swift */; };
		04C84AA72AC64C4E0022A480 /* LoginView.swift in Sources */ = {isa = PBXBuildFile; fileRef = 04C84AA62AC64C4E0022A480 /* LoginView.swift */; };
		04C84AA92AC64C8B0022A480 /* LoginViewController.swift in Sources */ = {isa = PBXBuildFile; fileRef = 04C84AA82AC64C8B0022A480 /* LoginViewController.swift */; };
		04C84AAB2AC64C9F0022A480 /* LoginViewModel.swift in Sources */ = {isa = PBXBuildFile; fileRef = 04C84AAA2AC64C9F0022A480 /* LoginViewModel.swift */; };
		04C84AAE2AC64D1C0022A480 /* RegistrationView.swift in Sources */ = {isa = PBXBuildFile; fileRef = 04C84AAD2AC64D1C0022A480 /* RegistrationView.swift */; };
		04C84AB02AC64D3B0022A480 /* RegistrationViewController.swift in Sources */ = {isa = PBXBuildFile; fileRef = 04C84AAF2AC64D3B0022A480 /* RegistrationViewController.swift */; };
		04C84AB32AC64FC10022A480 /* AnimatedTextField.swift in Sources */ = {isa = PBXBuildFile; fileRef = 04C84AB22AC64FC10022A480 /* AnimatedTextField.swift */; };
		04C84AB62AC6508D0022A480 /* ProfileView.swift in Sources */ = {isa = PBXBuildFile; fileRef = 04C84AB52AC6508D0022A480 /* ProfileView.swift */; };
/* End PBXBuildFile section */

/* Begin PBXFileReference section */
		04C0E5312AC154ED008CB682 /* neobis_front_auth.app */ = {isa = PBXFileReference; explicitFileType = wrapper.application; includeInIndex = 0; path = neobis_front_auth.app; sourceTree = BUILT_PRODUCTS_DIR; };
		04C0E5342AC154ED008CB682 /* AppDelegate.swift */ = {isa = PBXFileReference; lastKnownFileType = sourcecode.swift; path = AppDelegate.swift; sourceTree = "<group>"; };
		04C0E5362AC154ED008CB682 /* SceneDelegate.swift */ = {isa = PBXFileReference; lastKnownFileType = sourcecode.swift; path = SceneDelegate.swift; sourceTree = "<group>"; };
		04C0E5382AC154ED008CB682 /* ViewController.swift */ = {isa = PBXFileReference; lastKnownFileType = sourcecode.swift; path = ViewController.swift; sourceTree = "<group>"; };
		04C0E53B2AC154ED008CB682 /* Base */ = {isa = PBXFileReference; lastKnownFileType = file.storyboard; name = Base; path = Base.lproj/Main.storyboard; sourceTree = "<group>"; };
		04C0E53D2AC154EE008CB682 /* Assets.xcassets */ = {isa = PBXFileReference; lastKnownFileType = folder.assetcatalog; path = Assets.xcassets; sourceTree = "<group>"; };
		04C0E5402AC154EE008CB682 /* Base */ = {isa = PBXFileReference; lastKnownFileType = file.storyboard; name = Base; path = Base.lproj/LaunchScreen.storyboard; sourceTree = "<group>"; };
		04C0E5422AC154EE008CB682 /* Info.plist */ = {isa = PBXFileReference; lastKnownFileType = text.plist.xml; path = Info.plist; sourceTree = "<group>"; };
		04C0E54D2AC15596008CB682 /* SplashScreenView.swift */ = {isa = PBXFileReference; lastKnownFileType = sourcecode.swift; path = SplashScreenView.swift; sourceTree = "<group>"; };
		04C84AA12AC64BC10022A480 /* MainView.swift */ = {isa = PBXFileReference; lastKnownFileType = sourcecode.swift; path = MainView.swift; sourceTree = "<group>"; };
		04C84AA32AC64BE70022A480 /* MainViewController.swift */ = {isa = PBXFileReference; lastKnownFileType = sourcecode.swift; path = MainViewController.swift; sourceTree = "<group>"; };
		04C84AA62AC64C4E0022A480 /* LoginView.swift */ = {isa = PBXFileReference; lastKnownFileType = sourcecode.swift; path = LoginView.swift; sourceTree = "<group>"; };
		04C84AA82AC64C8B0022A480 /* LoginViewController.swift */ = {isa = PBXFileReference; lastKnownFileType = sourcecode.swift; path = LoginViewController.swift; sourceTree = "<group>"; };
		04C84AAA2AC64C9F0022A480 /* LoginViewModel.swift */ = {isa = PBXFileReference; lastKnownFileType = sourcecode.swift; path = LoginViewModel.swift; sourceTree = "<group>"; };
		04C84AAD2AC64D1C0022A480 /* RegistrationView.swift */ = {isa = PBXFileReference; lastKnownFileType = sourcecode.swift; path = RegistrationView.swift; sourceTree = "<group>"; };
		04C84AAF2AC64D3B0022A480 /* RegistrationViewController.swift */ = {isa = PBXFileReference; lastKnownFileType = sourcecode.swift; path = RegistrationViewController.swift; sourceTree = "<group>"; };
		04C84AB22AC64FC10022A480 /* AnimatedTextField.swift */ = {isa = PBXFileReference; lastKnownFileType = sourcecode.swift; path = AnimatedTextField.swift; sourceTree = "<group>"; };
		04C84AB52AC6508D0022A480 /* ProfileView.swift */ = {isa = PBXFileReference; lastKnownFileType = sourcecode.swift; path = ProfileView.swift; sourceTree = "<group>"; };
/* End PBXFileReference section */

/* Begin PBXFrameworksBuildPhase section */
		04C0E52E2AC154ED008CB682 /* Frameworks */ = {
			isa = PBXFrameworksBuildPhase;
			buildActionMask = 2147483647;
			files = (
				04C0E54B2AC1553A008CB682 /* SnapKit in Frameworks */,
				04C84A9C2AC64B3E0022A480 /* Alamofire in Frameworks */,
				04C84A9F2AC64B770022A480 /* AlamofireImage in Frameworks */,
			);
			runOnlyForDeploymentPostprocessing = 0;
		};
/* End PBXFrameworksBuildPhase section */

/* Begin PBXGroup section */
		04C0E5282AC154ED008CB682 = {
			isa = PBXGroup;
			children = (
				04C0E5332AC154ED008CB682 /* neobis_front_auth */,
				04C0E5322AC154ED008CB682 /* Products */,
			);
			sourceTree = "<group>";
		};
		04C0E5322AC154ED008CB682 /* Products */ = {
			isa = PBXGroup;
			children = (
				04C0E5312AC154ED008CB682 /* neobis_front_auth.app */,
			);
			name = Products;
			sourceTree = "<group>";
		};
		04C0E5332AC154ED008CB682 /* neobis_front_auth */ = {
			isa = PBXGroup;
			children = (
				04C84AB12AC64F860022A480 /* CustomTextFields */,
				04C0E5482AC15518008CB682 /* View */,
				04C0E5342AC154ED008CB682 /* AppDelegate.swift */,
				04C0E5362AC154ED008CB682 /* SceneDelegate.swift */,
				04C0E5382AC154ED008CB682 /* ViewController.swift */,
				04C0E53A2AC154ED008CB682 /* Main.storyboard */,
				04C0E53D2AC154EE008CB682 /* Assets.xcassets */,
				04C0E53F2AC154EE008CB682 /* LaunchScreen.storyboard */,
				04C0E5422AC154EE008CB682 /* Info.plist */,
			);
			path = neobis_front_auth;
			sourceTree = "<group>";
		};
		04C0E5482AC15518008CB682 /* View */ = {
			isa = PBXGroup;
			children = (
				04C84AB42AC6507A0022A480 /* Profile */,
				04C84AA02AC64B8E0022A480 /* MainScreen */,
				04C0E54C2AC15573008CB682 /* SplashScreen */,
				04C84AA52AC64C3D0022A480 /* Login */,
				04C84AAC2AC64CF90022A480 /* Registratoin */,
			);
			path = View;
			sourceTree = "<group>";
		};
		04C0E54C2AC15573008CB682 /* SplashScreen */ = {
			isa = PBXGroup;
			children = (
				04C0E54D2AC15596008CB682 /* SplashScreenView.swift */,
			);
			path = SplashScreen;
			sourceTree = "<group>";
		};
		04C84AA02AC64B8E0022A480 /* MainScreen */ = {
			isa = PBXGroup;
			children = (
				04C84AA12AC64BC10022A480 /* MainView.swift */,
				04C84AA32AC64BE70022A480 /* MainViewController.swift */,
			);
			path = MainScreen;
			sourceTree = "<group>";
		};
		04C84AA52AC64C3D0022A480 /* Login */ = {
			isa = PBXGroup;
			children = (
				04C84AA62AC64C4E0022A480 /* LoginView.swift */,
				04C84AA82AC64C8B0022A480 /* LoginViewController.swift */,
				04C84AAA2AC64C9F0022A480 /* LoginViewModel.swift */,
			);
			path = Login;
			sourceTree = "<group>";
		};
		04C84AAC2AC64CF90022A480 /* Registratoin */ = {
			isa = PBXGroup;
			children = (
				04C84AAD2AC64D1C0022A480 /* RegistrationView.swift */,
				04C84AAF2AC64D3B0022A480 /* RegistrationViewController.swift */,
			);
			path = Registratoin;
			sourceTree = "<group>";
		};
		04C84AB12AC64F860022A480 /* CustomTextFields */ = {
			isa = PBXGroup;
			children = (
				04C84AB22AC64FC10022A480 /* AnimatedTextField.swift */,
			);
			path = CustomTextFields;
			sourceTree = "<group>";
		};
		04C84AB42AC6507A0022A480 /* Profile */ = {
			isa = PBXGroup;
			children = (
				04C84AB52AC6508D0022A480 /* ProfileView.swift */,
			);
			path = Profile;
			sourceTree = "<group>";
		};
/* End PBXGroup section */

/* Begin PBXNativeTarget section */
		04C0E5302AC154ED008CB682 /* neobis_front_auth */ = {
			isa = PBXNativeTarget;
			buildConfigurationList = 04C0E5452AC154EE008CB682 /* Build configuration list for PBXNativeTarget "neobis_front_auth" */;
			buildPhases = (
				04C0E52D2AC154ED008CB682 /* Sources */,
				04C0E52E2AC154ED008CB682 /* Frameworks */,
				04C0E52F2AC154ED008CB682 /* Resources */,
			);
			buildRules = (
			);
			dependencies = (
			);
			name = neobis_front_auth;
			packageProductDependencies = (
				04C0E54A2AC1553A008CB682 /* SnapKit */,
				04C84A9B2AC64B3E0022A480 /* Alamofire */,
				04C84A9E2AC64B770022A480 /* AlamofireImage */,
			);
			productName = neobis_front_auth;
			productReference = 04C0E5312AC154ED008CB682 /* neobis_front_auth.app */;
			productType = "com.apple.product-type.application";
		};
/* End PBXNativeTarget section */

/* Begin PBXProject section */
		04C0E5292AC154ED008CB682 /* Project object */ = {
			isa = PBXProject;
			attributes = {
				BuildIndependentTargetsInParallel = 1;
				LastSwiftUpdateCheck = 1430;
				LastUpgradeCheck = 1430;
				TargetAttributes = {
					04C0E5302AC154ED008CB682 = {
						CreatedOnToolsVersion = 14.3.1;
					};
				};
			};
			buildConfigurationList = 04C0E52C2AC154ED008CB682 /* Build configuration list for PBXProject "neobis_front_auth" */;
			compatibilityVersion = "Xcode 14.0";
			developmentRegion = en;
			hasScannedForEncodings = 0;
			knownRegions = (
				en,
				Base,
			);
			mainGroup = 04C0E5282AC154ED008CB682;
			packageReferences = (
				04C0E5492AC1553A008CB682 /* XCRemoteSwiftPackageReference "SnapKit" */,
				04C84A9A2AC64B3E0022A480 /* XCRemoteSwiftPackageReference "Alamofire" */,
				04C84A9D2AC64B770022A480 /* XCRemoteSwiftPackageReference "AlamofireImage" */,
			);
			productRefGroup = 04C0E5322AC154ED008CB682 /* Products */;
			projectDirPath = "";
			projectRoot = "";
			targets = (
				04C0E5302AC154ED008CB682 /* neobis_front_auth */,
			);
		};
/* End PBXProject section */

/* Begin PBXResourcesBuildPhase section */
		04C0E52F2AC154ED008CB682 /* Resources */ = {
			isa = PBXResourcesBuildPhase;
			buildActionMask = 2147483647;
			files = (
				04C0E5412AC154EE008CB682 /* LaunchScreen.storyboard in Resources */,
				04C0E53E2AC154EE008CB682 /* Assets.xcassets in Resources */,
				04C0E53C2AC154ED008CB682 /* Main.storyboard in Resources */,
			);
			runOnlyForDeploymentPostprocessing = 0;
		};
/* End PBXResourcesBuildPhase section */

/* Begin PBXSourcesBuildPhase section */
		04C0E52D2AC154ED008CB682 /* Sources */ = {
			isa = PBXSourcesBuildPhase;
			buildActionMask = 2147483647;
			files = (
				04C0E5392AC154ED008CB682 /* ViewController.swift in Sources */,
				04C84AB62AC6508D0022A480 /* ProfileView.swift in Sources */,
				04C84AA72AC64C4E0022A480 /* LoginView.swift in Sources */,
				04C0E5352AC154ED008CB682 /* AppDelegate.swift in Sources */,
				04C84AB02AC64D3B0022A480 /* RegistrationViewController.swift in Sources */,
				04C0E5372AC154ED008CB682 /* SceneDelegate.swift in Sources */,
				04C84AA92AC64C8B0022A480 /* LoginViewController.swift in Sources */,
				04C84AA42AC64BE70022A480 /* MainViewController.swift in Sources */,
				04C84AA22AC64BC10022A480 /* MainView.swift in Sources */,
				04C0E54E2AC15596008CB682 /* SplashScreenView.swift in Sources */,
				04C84AAB2AC64C9F0022A480 /* LoginViewModel.swift in Sources */,
				04C84AB32AC64FC10022A480 /* AnimatedTextField.swift in Sources */,
				04C84AAE2AC64D1C0022A480 /* RegistrationView.swift in Sources */,
			);
			runOnlyForDeploymentPostprocessing = 0;
		};
/* End PBXSourcesBuildPhase section */

/* Begin PBXVariantGroup section */
		04C0E53A2AC154ED008CB682 /* Main.storyboard */ = {
			isa = PBXVariantGroup;
			children = (
				04C0E53B2AC154ED008CB682 /* Base */,
			);
			name = Main.storyboard;
			sourceTree = "<group>";
		};
		04C0E53F2AC154EE008CB682 /* LaunchScreen.storyboard */ = {
			isa = PBXVariantGroup;
			children = (
				04C0E5402AC154EE008CB682 /* Base */,
			);
			name = LaunchScreen.storyboard;
			sourceTree = "<group>";
		};
/* End PBXVariantGroup section */

/* Begin XCBuildConfiguration section */
		04C0E5432AC154EE008CB682 /* Debug */ = {
			isa = XCBuildConfiguration;
			buildSettings = {
				ALWAYS_SEARCH_USER_PATHS = NO;
				CLANG_ANALYZER_NONNULL = YES;
				CLANG_ANALYZER_NUMBER_OBJECT_CONVERSION = YES_AGGRESSIVE;
				CLANG_CXX_LANGUAGE_STANDARD = "gnu++20";
				CLANG_ENABLE_MODULES = YES;
				CLANG_ENABLE_OBJC_ARC = YES;
				CLANG_ENABLE_OBJC_WEAK = YES;
				CLANG_WARN_BLOCK_CAPTURE_AUTORELEASING = YES;
				CLANG_WARN_BOOL_CONVERSION = YES;
				CLANG_WARN_COMMA = YES;
				CLANG_WARN_CONSTANT_CONVERSION = YES;
				CLANG_WARN_DEPRECATED_OBJC_IMPLEMENTATIONS = YES;
				CLANG_WARN_DIRECT_OBJC_ISA_USAGE = YES_ERROR;
				CLANG_WARN_DOCUMENTATION_COMMENTS = YES;
				CLANG_WARN_EMPTY_BODY = YES;
				CLANG_WARN_ENUM_CONVERSION = YES;
				CLANG_WARN_INFINITE_RECURSION = YES;
				CLANG_WARN_INT_CONVERSION = YES;
				CLANG_WARN_NON_LITERAL_NULL_CONVERSION = YES;
				CLANG_WARN_OBJC_IMPLICIT_RETAIN_SELF = YES;
				CLANG_WARN_OBJC_LITERAL_CONVERSION = YES;
				CLANG_WARN_OBJC_ROOT_CLASS = YES_ERROR;
				CLANG_WARN_QUOTED_INCLUDE_IN_FRAMEWORK_HEADER = YES;
				CLANG_WARN_RANGE_LOOP_ANALYSIS = YES;
				CLANG_WARN_STRICT_PROTOTYPES = YES;
				CLANG_WARN_SUSPICIOUS_MOVE = YES;
				CLANG_WARN_UNGUARDED_AVAILABILITY = YES_AGGRESSIVE;
				CLANG_WARN_UNREACHABLE_CODE = YES;
				CLANG_WARN__DUPLICATE_METHOD_MATCH = YES;
				COPY_PHASE_STRIP = NO;
				DEBUG_INFORMATION_FORMAT = dwarf;
				ENABLE_STRICT_OBJC_MSGSEND = YES;
				ENABLE_TESTABILITY = YES;
				GCC_C_LANGUAGE_STANDARD = gnu11;
				GCC_DYNAMIC_NO_PIC = NO;
				GCC_NO_COMMON_BLOCKS = YES;
				GCC_OPTIMIZATION_LEVEL = 0;
				GCC_PREPROCESSOR_DEFINITIONS = (
					"DEBUG=1",
					"$(inherited)",
				);
				GCC_WARN_64_TO_32_BIT_CONVERSION = YES;
				GCC_WARN_ABOUT_RETURN_TYPE = YES_ERROR;
				GCC_WARN_UNDECLARED_SELECTOR = YES;
				GCC_WARN_UNINITIALIZED_AUTOS = YES_AGGRESSIVE;
				GCC_WARN_UNUSED_FUNCTION = YES;
				GCC_WARN_UNUSED_VARIABLE = YES;
				IPHONEOS_DEPLOYMENT_TARGET = 16.4;
				MTL_ENABLE_DEBUG_INFO = INCLUDE_SOURCE;
				MTL_FAST_MATH = YES;
				ONLY_ACTIVE_ARCH = YES;
				SDKROOT = iphoneos;
				SWIFT_ACTIVE_COMPILATION_CONDITIONS = DEBUG;
				SWIFT_OPTIMIZATION_LEVEL = "-Onone";
			};
			name = Debug;
		};
		04C0E5442AC154EE008CB682 /* Release */ = {
			isa = XCBuildConfiguration;
			buildSettings = {
				ALWAYS_SEARCH_USER_PATHS = NO;
				CLANG_ANALYZER_NONNULL = YES;
				CLANG_ANALYZER_NUMBER_OBJECT_CONVERSION = YES_AGGRESSIVE;
				CLANG_CXX_LANGUAGE_STANDARD = "gnu++20";
				CLANG_ENABLE_MODULES = YES;
				CLANG_ENABLE_OBJC_ARC = YES;
				CLANG_ENABLE_OBJC_WEAK = YES;
				CLANG_WARN_BLOCK_CAPTURE_AUTORELEASING = YES;
				CLANG_WARN_BOOL_CONVERSION = YES;
				CLANG_WARN_COMMA = YES;
				CLANG_WARN_CONSTANT_CONVERSION = YES;
				CLANG_WARN_DEPRECATED_OBJC_IMPLEMENTATIONS = YES;
				CLANG_WARN_DIRECT_OBJC_ISA_USAGE = YES_ERROR;
				CLANG_WARN_DOCUMENTATION_COMMENTS = YES;
				CLANG_WARN_EMPTY_BODY = YES;
				CLANG_WARN_ENUM_CONVERSION = YES;
				CLANG_WARN_INFINITE_RECURSION = YES;
				CLANG_WARN_INT_CONVERSION = YES;
				CLANG_WARN_NON_LITERAL_NULL_CONVERSION = YES;
				CLANG_WARN_OBJC_IMPLICIT_RETAIN_SELF = YES;
				CLANG_WARN_OBJC_LITERAL_CONVERSION = YES;
				CLANG_WARN_OBJC_ROOT_CLASS = YES_ERROR;
				CLANG_WARN_QUOTED_INCLUDE_IN_FRAMEWORK_HEADER = YES;
				CLANG_WARN_RANGE_LOOP_ANALYSIS = YES;
				CLANG_WARN_STRICT_PROTOTYPES = YES;
				CLANG_WARN_SUSPICIOUS_MOVE = YES;
				CLANG_WARN_UNGUARDED_AVAILABILITY = YES_AGGRESSIVE;
				CLANG_WARN_UNREACHABLE_CODE = YES;
				CLANG_WARN__DUPLICATE_METHOD_MATCH = YES;
				COPY_PHASE_STRIP = NO;
				DEBUG_INFORMATION_FORMAT = "dwarf-with-dsym";
				ENABLE_NS_ASSERTIONS = NO;
				ENABLE_STRICT_OBJC_MSGSEND = YES;
				GCC_C_LANGUAGE_STANDARD = gnu11;
				GCC_NO_COMMON_BLOCKS = YES;
				GCC_WARN_64_TO_32_BIT_CONVERSION = YES;
				GCC_WARN_ABOUT_RETURN_TYPE = YES_ERROR;
				GCC_WARN_UNDECLARED_SELECTOR = YES;
				GCC_WARN_UNINITIALIZED_AUTOS = YES_AGGRESSIVE;
				GCC_WARN_UNUSED_FUNCTION = YES;
				GCC_WARN_UNUSED_VARIABLE = YES;
				IPHONEOS_DEPLOYMENT_TARGET = 16.4;
				MTL_ENABLE_DEBUG_INFO = NO;
				MTL_FAST_MATH = YES;
				SDKROOT = iphoneos;
				SWIFT_COMPILATION_MODE = wholemodule;
				SWIFT_OPTIMIZATION_LEVEL = "-O";
				VALIDATE_PRODUCT = YES;
			};
			name = Release;
		};
		04C0E5462AC154EE008CB682 /* Debug */ = {
			isa = XCBuildConfiguration;
			buildSettings = {
				ASSETCATALOG_COMPILER_APPICON_NAME = AppIcon;
				ASSETCATALOG_COMPILER_GLOBAL_ACCENT_COLOR_NAME = AccentColor;
				CODE_SIGN_STYLE = Automatic;
				CURRENT_PROJECT_VERSION = 1;
				DEVELOPMENT_TEAM = P5S89DFD3A;
				GENERATE_INFOPLIST_FILE = YES;
				INFOPLIST_FILE = neobis_front_auth/Info.plist;
				INFOPLIST_KEY_UIApplicationSupportsIndirectInputEvents = YES;
				INFOPLIST_KEY_UILaunchStoryboardName = LaunchScreen;
				INFOPLIST_KEY_UIMainStoryboardFile = Main;
				INFOPLIST_KEY_UISupportedInterfaceOrientations_iPad = "UIInterfaceOrientationPortrait UIInterfaceOrientationPortraitUpsideDown UIInterfaceOrientationLandscapeLeft UIInterfaceOrientationLandscapeRight";
				INFOPLIST_KEY_UISupportedInterfaceOrientations_iPhone = "UIInterfaceOrientationPortrait UIInterfaceOrientationLandscapeLeft UIInterfaceOrientationLandscapeRight";
				LD_RUNPATH_SEARCH_PATHS = (
					"$(inherited)",
					"@executable_path/Frameworks",
				);
				MARKETING_VERSION = 1.0;
				PRODUCT_BUNDLE_IDENTIFIER = "asko.soronbekov-gmail.com.neobis-front-auth";
				PRODUCT_NAME = "$(TARGET_NAME)";
				SWIFT_EMIT_LOC_STRINGS = YES;
				SWIFT_VERSION = 5.0;
				TARGETED_DEVICE_FAMILY = "1,2";
			};
			name = Debug;
		};
		04C0E5472AC154EE008CB682 /* Release */ = {
			isa = XCBuildConfiguration;
			buildSettings = {
				ASSETCATALOG_COMPILER_APPICON_NAME = AppIcon;
				ASSETCATALOG_COMPILER_GLOBAL_ACCENT_COLOR_NAME = AccentColor;
				CODE_SIGN_STYLE = Automatic;
				CURRENT_PROJECT_VERSION = 1;
				DEVELOPMENT_TEAM = P5S89DFD3A;
				GENERATE_INFOPLIST_FILE = YES;
				INFOPLIST_FILE = neobis_front_auth/Info.plist;
				INFOPLIST_KEY_UIApplicationSupportsIndirectInputEvents = YES;
				INFOPLIST_KEY_UILaunchStoryboardName = LaunchScreen;
				INFOPLIST_KEY_UIMainStoryboardFile = Main;
				INFOPLIST_KEY_UISupportedInterfaceOrientations_iPad = "UIInterfaceOrientationPortrait UIInterfaceOrientationPortraitUpsideDown UIInterfaceOrientationLandscapeLeft UIInterfaceOrientationLandscapeRight";
				INFOPLIST_KEY_UISupportedInterfaceOrientations_iPhone = "UIInterfaceOrientationPortrait UIInterfaceOrientationLandscapeLeft UIInterfaceOrientationLandscapeRight";
				LD_RUNPATH_SEARCH_PATHS = (
					"$(inherited)",
					"@executable_path/Frameworks",
				);
				MARKETING_VERSION = 1.0;
				PRODUCT_BUNDLE_IDENTIFIER = "asko.soronbekov-gmail.com.neobis-front-auth";
				PRODUCT_NAME = "$(TARGET_NAME)";
				SWIFT_EMIT_LOC_STRINGS = YES;
				SWIFT_VERSION = 5.0;
				TARGETED_DEVICE_FAMILY = "1,2";
			};
			name = Release;
		};
/* End XCBuildConfiguration section */

/* Begin XCConfigurationList section */
		04C0E52C2AC154ED008CB682 /* Build configuration list for PBXProject "neobis_front_auth" */ = {
			isa = XCConfigurationList;
			buildConfigurations = (
				04C0E5432AC154EE008CB682 /* Debug */,
				04C0E5442AC154EE008CB682 /* Release */,
			);
			defaultConfigurationIsVisible = 0;
			defaultConfigurationName = Release;
		};
		04C0E5452AC154EE008CB682 /* Build configuration list for PBXNativeTarget "neobis_front_auth" */ = {
			isa = XCConfigurationList;
			buildConfigurations = (
				04C0E5462AC154EE008CB682 /* Debug */,
				04C0E5472AC154EE008CB682 /* Release */,
			);
			defaultConfigurationIsVisible = 0;
			defaultConfigurationName = Release;
		};
/* End XCConfigurationList section */

/* Begin XCRemoteSwiftPackageReference section */
		04C0E5492AC1553A008CB682 /* XCRemoteSwiftPackageReference "SnapKit" */ = {
			isa = XCRemoteSwiftPackageReference;
			repositoryURL = "https://github.com/SnapKit/SnapKit";
			requirement = {
				kind = upToNextMajorVersion;
				minimumVersion = 5.0.0;
			};
		};
		04C84A9A2AC64B3E0022A480 /* XCRemoteSwiftPackageReference "Alamofire" */ = {
			isa = XCRemoteSwiftPackageReference;
			repositoryURL = "https://github.com/Alamofire/Alamofire";
			requirement = {
				kind = upToNextMajorVersion;
				minimumVersion = 5.0.0;
			};
		};
		04C84A9D2AC64B770022A480 /* XCRemoteSwiftPackageReference "AlamofireImage" */ = {
			isa = XCRemoteSwiftPackageReference;
			repositoryURL = "https://github.com/Alamofire/AlamofireImage";
			requirement = {
				kind = upToNextMajorVersion;
				minimumVersion = 4.0.0;
			};
		};
/* End XCRemoteSwiftPackageReference section */

/* Begin XCSwiftPackageProductDependency section */
		04C0E54A2AC1553A008CB682 /* SnapKit */ = {
			isa = XCSwiftPackageProductDependency;
			package = 04C0E5492AC1553A008CB682 /* XCRemoteSwiftPackageReference "SnapKit" */;
			productName = SnapKit;
		};
		04C84A9B2AC64B3E0022A480 /* Alamofire */ = {
			isa = XCSwiftPackageProductDependency;
			package = 04C84A9A2AC64B3E0022A480 /* XCRemoteSwiftPackageReference "Alamofire" */;
			productName = Alamofire;
		};
		04C84A9E2AC64B770022A480 /* AlamofireImage */ = {
			isa = XCSwiftPackageProductDependency;
			package = 04C84A9D2AC64B770022A480 /* XCRemoteSwiftPackageReference "AlamofireImage" */;
			productName = AlamofireImage;
		};
/* End XCSwiftPackageProductDependency section */
	};
	rootObject = 04C0E5292AC154ED008CB682 /* Project object */;
}
