// !$*UTF8*$!
{
	archiveVersion = 1;
	classes = {
	};
	objectVersion = 56;
	objects = {

/* Begin PBXBuildFile section */
		040E47932AC6CBB30047B78A /* Model.swift in Sources */ = {isa = PBXBuildFile; fileRef = 040E47922AC6CBB30047B78A /* Model.swift */; };
		040E47962AC6D7F30047B78A /* APIService.swift in Sources */ = {isa = PBXBuildFile; fileRef = 040E47952AC6D7F30047B78A /* APIService.swift */; };
		040E479F2AC6DB960047B78A /* AuthManager.swift in Sources */ = {isa = PBXBuildFile; fileRef = 040E479E2AC6DB960047B78A /* AuthManager.swift */; };
		040E47A22AC6DD4D0047B78A /* CustomTabBarController.swift in Sources */ = {isa = PBXBuildFile; fileRef = 040E47A12AC6DD4D0047B78A /* CustomTabBarController.swift */; };
		040E47A42AC6DDBE0047B78A /* CustomTabBar.swift in Sources */ = {isa = PBXBuildFile; fileRef = 040E47A32AC6DDBE0047B78A /* CustomTabBar.swift */; };
		041794292AC9E0C100B1F45B /* OTPView.swift in Sources */ = {isa = PBXBuildFile; fileRef = 041794282AC9E0C100B1F45B /* OTPView.swift */; };
		0417942B2AC9E0E100B1F45B /* OTPViewController.swift in Sources */ = {isa = PBXBuildFile; fileRef = 0417942A2AC9E0E100B1F45B /* OTPViewController.swift */; };
		0417942E2AC9E13500B1F45B /* LikeView.swift in Sources */ = {isa = PBXBuildFile; fileRef = 0417942D2AC9E13500B1F45B /* LikeView.swift */; };
		041794302AC9E15100B1F45B /* LikeViewController.swift in Sources */ = {isa = PBXBuildFile; fileRef = 0417942F2AC9E15100B1F45B /* LikeViewController.swift */; };
		041794332AC9E17600B1F45B /* ProductView.swift in Sources */ = {isa = PBXBuildFile; fileRef = 041794322AC9E17600B1F45B /* ProductView.swift */; };
		041794352AC9E19C00B1F45B /* ProductCellView.swift in Sources */ = {isa = PBXBuildFile; fileRef = 041794342AC9E19C00B1F45B /* ProductCellView.swift */; };
		041794372AC9E1BA00B1F45B /* PopUp.swift in Sources */ = {isa = PBXBuildFile; fileRef = 041794362AC9E1BA00B1F45B /* PopUp.swift */; };
		0417943A2AC9E1EC00B1F45B /* ProductViewModel.swift in Sources */ = {isa = PBXBuildFile; fileRef = 041794392AC9E1EC00B1F45B /* ProductViewModel.swift */; };
		0417943C2AC9E20900B1F45B /* ProductViewController.swift in Sources */ = {isa = PBXBuildFile; fileRef = 0417943B2AC9E20900B1F45B /* ProductViewController.swift */; };
		0417943F2AC9E27800B1F45B /* ChangeProductView.swift in Sources */ = {isa = PBXBuildFile; fileRef = 0417943E2AC9E27800B1F45B /* ChangeProductView.swift */; };
		041794412AC9E2A500B1F45B /* ChangeProductViewController.swift in Sources */ = {isa = PBXBuildFile; fileRef = 041794402AC9E2A500B1F45B /* ChangeProductViewController.swift */; };
		041794432AC9E2C400B1F45B /* ChangeProductViewModel.swift in Sources */ = {isa = PBXBuildFile; fileRef = 041794422AC9E2C400B1F45B /* ChangeProductViewModel.swift */; };
		041794452AC9E35800B1F45B /* StringExtensions.swift in Sources */ = {isa = PBXBuildFile; fileRef = 041794442AC9E35800B1F45B /* StringExtensions.swift */; };
		041794472AC9E38500B1F45B /* BorderedTextField.swift in Sources */ = {isa = PBXBuildFile; fileRef = 041794462AC9E38500B1F45B /* BorderedTextField.swift */; };
		041794492AC9E3A400B1F45B /* NumberTextField.swift in Sources */ = {isa = PBXBuildFile; fileRef = 041794482AC9E3A400B1F45B /* NumberTextField.swift */; };
		0417944C2AC9E52C00B1F45B /* AddProductView.swift in Sources */ = {isa = PBXBuildFile; fileRef = 0417944B2AC9E52C00B1F45B /* AddProductView.swift */; };
		0417944F2AC9E55A00B1F45B /* CustomCellView.swift in Sources */ = {isa = PBXBuildFile; fileRef = 0417944E2AC9E55A00B1F45B /* CustomCellView.swift */; };
		041794512AC9E57C00B1F45B /* AddProductViewController.swift in Sources */ = {isa = PBXBuildFile; fileRef = 041794502AC9E57C00B1F45B /* AddProductViewController.swift */; };
		041794532AC9E59C00B1F45B /* AddProductViewModel.swift in Sources */ = {isa = PBXBuildFile; fileRef = 041794522AC9E59C00B1F45B /* AddProductViewModel.swift */; };
		042F29452AC851E800E79221 /* PasswordView.swift in Sources */ = {isa = PBXBuildFile; fileRef = 042F29442AC851E800E79221 /* PasswordView.swift */; };
		042F29472AC8521800E79221 /* PasswordViewController.swift in Sources */ = {isa = PBXBuildFile; fileRef = 042F29462AC8521800E79221 /* PasswordViewController.swift */; };
		042F29492AC8524000E79221 /* PasswordViewModel.swift in Sources */ = {isa = PBXBuildFile; fileRef = 042F29482AC8524000E79221 /* PasswordViewModel.swift */; };
		042F294B2AC85F4E00E79221 /* ProfileViewController.swift in Sources */ = {isa = PBXBuildFile; fileRef = 042F294A2AC85F4E00E79221 /* ProfileViewController.swift */; };
		042F294D2AC85FB100E79221 /* DataExtencions.swift in Sources */ = {isa = PBXBuildFile; fileRef = 042F294C2AC85FB100E79221 /* DataExtencions.swift */; };
		042F29512AC8606100E79221 /* GetUserData.swift in Sources */ = {isa = PBXBuildFile; fileRef = 042F29502AC8606100E79221 /* GetUserData.swift */; };
		042F29542AC861D600E79221 /* FinishRegistrationViewController.swift in Sources */ = {isa = PBXBuildFile; fileRef = 042F29532AC861D600E79221 /* FinishRegistrationViewController.swift */; };
		042F29562AC861E700E79221 /* FinishRegistrationView.swift in Sources */ = {isa = PBXBuildFile; fileRef = 042F29552AC861E700E79221 /* FinishRegistrationView.swift */; };
		042F29592AC8629600E79221 /* NumberView.swift in Sources */ = {isa = PBXBuildFile; fileRef = 042F29582AC8629600E79221 /* NumberView.swift */; };
		042F295B2AC862A300E79221 /* NumberViewController.swift in Sources */ = {isa = PBXBuildFile; fileRef = 042F295A2AC862A300E79221 /* NumberViewController.swift */; };
		042F295D2AC862C300E79221 /* NumberViewModel.swift in Sources */ = {isa = PBXBuildFile; fileRef = 042F295C2AC862C300E79221 /* NumberViewModel.swift */; };
		04C0E5352AC154ED008CB682 /* AppDelegate.swift in Sources */ = {isa = PBXBuildFile; fileRef = 04C0E5342AC154ED008CB682 /* AppDelegate.swift */; };
		04C0E5372AC154ED008CB682 /* SceneDelegate.swift in Sources */ = {isa = PBXBuildFile; fileRef = 04C0E5362AC154ED008CB682 /* SceneDelegate.swift */; };
		04C0E5392AC154ED008CB682 /* ViewController.swift in Sources */ = {isa = PBXBuildFile; fileRef = 04C0E5382AC154ED008CB682 /* ViewController.swift */; };
		04C0E53C2AC154ED008CB682 /* Main.storyboard in Resources */ = {isa = PBXBuildFile; fileRef = 04C0E53A2AC154ED008CB682 /* Main.storyboard */; };
		04C0E53E2AC154EE008CB682 /* Assets.xcassets in Resources */ = {isa = PBXBuildFile; fileRef = 04C0E53D2AC154EE008CB682 /* Assets.xcassets */; };
		04C0E5412AC154EE008CB682 /* LaunchScreen.storyboard in Resources */ = {isa = PBXBuildFile; fileRef = 04C0E53F2AC154EE008CB682 /* LaunchScreen.storyboard */; };
		04C0E54B2AC1553A008CB682 /* SnapKit in Frameworks */ = {isa = PBXBuildFile; productRef = 04C0E54A2AC1553A008CB682 /* SnapKit */; };
		04C0E54E2AC15596008CB682 /* SplashScreenView.swift in Sources */ = {isa = PBXBuildFile; fileRef = 04C0E54D2AC15596008CB682 /* SplashScreenView.swift */; };
		04C84A9C2AC64B3E0022A480 /* Alamofire in Frameworks */ = {isa = PBXBuildFile; productRef = 04C84A9B2AC64B3E0022A480 /* Alamofire */; };
		04C84A9F2AC64B770022A480 /* AlamofireImage in Frameworks */ = {isa = PBXBuildFile; productRef = 04C84A9E2AC64B770022A480 /* AlamofireImage */; };
		04C84AA22AC64BC10022A480 /* MainView.swift in Sources */ = {isa = PBXBuildFile; fileRef = 04C84AA12AC64BC10022A480 /* MainView.swift */; };
		04C84AA42AC64BE70022A480 /* MainViewController.swift in Sources */ = {isa = PBXBuildFile; fileRef = 04C84AA32AC64BE70022A480 /* MainViewController.swift */; };
		04C84AA72AC64C4E0022A480 /* LoginView.swift in Sources */ = {isa = PBXBuildFile; fileRef = 04C84AA62AC64C4E0022A480 /* LoginView.swift */; };
		04C84AA92AC64C8B0022A480 /* LoginViewController.swift in Sources */ = {isa = PBXBuildFile; fileRef = 04C84AA82AC64C8B0022A480 /* LoginViewController.swift */; };
		04C84AAB2AC64C9F0022A480 /* LoginViewModel.swift in Sources */ = {isa = PBXBuildFile; fileRef = 04C84AAA2AC64C9F0022A480 /* LoginViewModel.swift */; };
		04C84AAE2AC64D1C0022A480 /* RegistrationView.swift in Sources */ = {isa = PBXBuildFile; fileRef = 04C84AAD2AC64D1C0022A480 /* RegistrationView.swift */; };
		04C84AB02AC64D3B0022A480 /* RegistrationViewController.swift in Sources */ = {isa = PBXBuildFile; fileRef = 04C84AAF2AC64D3B0022A480 /* RegistrationViewController.swift */; };
		04C84AB32AC64FC10022A480 /* AnimatedTextField.swift in Sources */ = {isa = PBXBuildFile; fileRef = 04C84AB22AC64FC10022A480 /* AnimatedTextField.swift */; };
		04C84AB62AC6508D0022A480 /* ProfileView.swift in Sources */ = {isa = PBXBuildFile; fileRef = 04C84AB52AC6508D0022A480 /* ProfileView.swift */; };
		04C84AEC2AC652280022A480 /* gothampro_mediumitalic.ttf in Resources */ = {isa = PBXBuildFile; fileRef = 04C84AB82AC652280022A480 /* gothampro_mediumitalic.ttf */; };
		04C84AED2AC652280022A480 /* GothamPro-Narrow-Bold.ttf in Resources */ = {isa = PBXBuildFile; fileRef = 04C84AB92AC652280022A480 /* GothamPro-Narrow-Bold.ttf */; };
		04C84AEE2AC652280022A480 /* GothamPro-Narrow.ttf in Resources */ = {isa = PBXBuildFile; fileRef = 04C84ABA2AC652280022A480 /* GothamPro-Narrow.ttf */; };
		04C84AEF2AC652280022A480 /* Nunito-Medium.ttf in Resources */ = {isa = PBXBuildFile; fileRef = 04C84ABB2AC652280022A480 /* Nunito-Medium.ttf */; };
		04C84AFB2AC652280022A480 /* GothamPro-LightItalic.ttf in Resources */ = {isa = PBXBuildFile; fileRef = 04C84AC82AC652280022A480 /* GothamPro-LightItalic.ttf */; };
		04C84AFC2AC652280022A480 /* Nunito-ExtraBoldItalic.ttf in Resources */ = {isa = PBXBuildFile; fileRef = 04C84AC92AC652280022A480 /* Nunito-ExtraBoldItalic.ttf */; };
		04C84AFD2AC652280022A480 /* gothampro_medium.ttf in Resources */ = {isa = PBXBuildFile; fileRef = 04C84ACA2AC652280022A480 /* gothampro_medium.ttf */; };
		04C84AFE2AC652280022A480 /* GothamPro-MediumItalic.ttf in Resources */ = {isa = PBXBuildFile; fileRef = 04C84ACB2AC652280022A480 /* GothamPro-MediumItalic.ttf */; };
		04C84AFF2AC652280022A480 /* gothampro.ttf in Resources */ = {isa = PBXBuildFile; fileRef = 04C84ACC2AC652280022A480 /* gothampro.ttf */; };
		04C84B002AC652280022A480 /* GothamPro-Medium.ttf in Resources */ = {isa = PBXBuildFile; fileRef = 04C84ACD2AC652280022A480 /* GothamPro-Medium.ttf */; };
		04C84B012AC652280022A480 /* Nunito-ExtraBold.ttf in Resources */ = {isa = PBXBuildFile; fileRef = 04C84ACE2AC652280022A480 /* Nunito-ExtraBold.ttf */; };
		04C84B022AC652280022A480 /* Nunito-ExtraLightItalic.ttf in Resources */ = {isa = PBXBuildFile; fileRef = 04C84ACF2AC652280022A480 /* Nunito-ExtraLightItalic.ttf */; };
		04C84B032AC652280022A480 /* GothamPro-BlackItalic.ttf in Resources */ = {isa = PBXBuildFile; fileRef = 04C84AD02AC652280022A480 /* GothamPro-BlackItalic.ttf */; };
		04C84B042AC652280022A480 /* GothamPro-Black.ttf in Resources */ = {isa = PBXBuildFile; fileRef = 04C84AD12AC652280022A480 /* GothamPro-Black.ttf */; };
		04C84B052AC652280022A480 /* GothamProNarrow-Bold.ttf in Resources */ = {isa = PBXBuildFile; fileRef = 04C84AD22AC652280022A480 /* GothamProNarrow-Bold.ttf */; };
		04C84B062AC652280022A480 /* GothamPro-BoldItalic.ttf in Resources */ = {isa = PBXBuildFile; fileRef = 04C84AD32AC652280022A480 /* GothamPro-BoldItalic.ttf */; };
		04C84B072AC652280022A480 /* Nunito-Light.ttf in Resources */ = {isa = PBXBuildFile; fileRef = 04C84AD42AC652280022A480 /* Nunito-Light.ttf */; };
		04C84B082AC652280022A480 /* Nunito-Regular.ttf in Resources */ = {isa = PBXBuildFile; fileRef = 04C84AD52AC652280022A480 /* Nunito-Regular.ttf */; };
		04C84B092AC652280022A480 /* gothampro_bold.ttf in Resources */ = {isa = PBXBuildFile; fileRef = 04C84AD62AC652280022A480 /* gothampro_bold.ttf */; };
		04C84B0A2AC652280022A480 /* gothampro_black.ttf in Resources */ = {isa = PBXBuildFile; fileRef = 04C84AD72AC652280022A480 /* gothampro_black.ttf */; };
		04C84B0B2AC652280022A480 /* Nunito-SemiBold.ttf in Resources */ = {isa = PBXBuildFile; fileRef = 04C84AD82AC652280022A480 /* Nunito-SemiBold.ttf */; };
		04C84B0C2AC652280022A480 /* Nunito-Bold.ttf in Resources */ = {isa = PBXBuildFile; fileRef = 04C84AD92AC652280022A480 /* Nunito-Bold.ttf */; };
		04C84B0D2AC652280022A480 /* Nunito-BoldItalic.ttf in Resources */ = {isa = PBXBuildFile; fileRef = 04C84ADA2AC652280022A480 /* Nunito-BoldItalic.ttf */; };
		04C84B0E2AC652280022A480 /* Nunito-Black.ttf in Resources */ = {isa = PBXBuildFile; fileRef = 04C84ADB2AC652280022A480 /* Nunito-Black.ttf */; };
		04C84B0F2AC652280022A480 /* GothamProNarrow-Medium.ttf in Resources */ = {isa = PBXBuildFile; fileRef = 04C84ADC2AC652280022A480 /* GothamProNarrow-Medium.ttf */; };
		04C84B102AC652280022A480 /* Nunito-ExtraLight.ttf in Resources */ = {isa = PBXBuildFile; fileRef = 04C84ADD2AC652280022A480 /* Nunito-ExtraLight.ttf */; };
		04C84B112AC652280022A480 /* gothampro_italic.ttf in Resources */ = {isa = PBXBuildFile; fileRef = 04C84ADE2AC652280022A480 /* gothampro_italic.ttf */; };
		04C84B122AC652280022A480 /* gothampro_light.ttf in Resources */ = {isa = PBXBuildFile; fileRef = 04C84ADF2AC652280022A480 /* gothampro_light.ttf */; };
		04C84B132AC652280022A480 /* Nunito-SemiBoldItalic.ttf in Resources */ = {isa = PBXBuildFile; fileRef = 04C84AE02AC652280022A480 /* Nunito-SemiBoldItalic.ttf */; };
		04C84B142AC652280022A480 /* GothamPro-Italic.ttf in Resources */ = {isa = PBXBuildFile; fileRef = 04C84AE12AC652280022A480 /* GothamPro-Italic.ttf */; };
		04C84B152AC652280022A480 /* Nunito-BlackItalic.ttf in Resources */ = {isa = PBXBuildFile; fileRef = 04C84AE22AC652280022A480 /* Nunito-BlackItalic.ttf */; };
		04C84B162AC652280022A480 /* GothamPro-Narrow-Medium.ttf in Resources */ = {isa = PBXBuildFile; fileRef = 04C84AE32AC652280022A480 /* GothamPro-Narrow-Medium.ttf */; };
		04C84B172AC652280022A480 /* gothampro_lightitalic.ttf in Resources */ = {isa = PBXBuildFile; fileRef = 04C84AE42AC652280022A480 /* gothampro_lightitalic.ttf */; };
		04C84B182AC652280022A480 /* GothamPro-Light.ttf in Resources */ = {isa = PBXBuildFile; fileRef = 04C84AE52AC652280022A480 /* GothamPro-Light.ttf */; };
		04C84B192AC652280022A480 /* Nunito-Italic.ttf in Resources */ = {isa = PBXBuildFile; fileRef = 04C84AE62AC652280022A480 /* Nunito-Italic.ttf */; };
		04C84B1A2AC652280022A480 /* gothampro_blackitalic.ttf in Resources */ = {isa = PBXBuildFile; fileRef = 04C84AE72AC652280022A480 /* gothampro_blackitalic.ttf */; };
		04C84B1B2AC652280022A480 /* GothamPro-Bold.ttf in Resources */ = {isa = PBXBuildFile; fileRef = 04C84AE82AC652280022A480 /* GothamPro-Bold.ttf */; };
		04C84B1C2AC652280022A480 /* gothampro_bolditalic.ttf in Resources */ = {isa = PBXBuildFile; fileRef = 04C84AE92AC652280022A480 /* gothampro_bolditalic.ttf */; };
		04C84B1D2AC652280022A480 /* Nunito-LightItalic.ttf in Resources */ = {isa = PBXBuildFile; fileRef = 04C84AEA2AC652280022A480 /* Nunito-LightItalic.ttf */; };
		04C84B1E2AC652280022A480 /* Nunito-MediumItalic.ttf in Resources */ = {isa = PBXBuildFile; fileRef = 04C84AEB2AC652280022A480 /* Nunito-MediumItalic.ttf */; };
/* End PBXBuildFile section */

/* Begin PBXFileReference section */
		040E47922AC6CBB30047B78A /* Model.swift */ = {isa = PBXFileReference; lastKnownFileType = sourcecode.swift; path = Model.swift; sourceTree = "<group>"; };
		040E47952AC6D7F30047B78A /* APIService.swift */ = {isa = PBXFileReference; lastKnownFileType = sourcecode.swift; path = APIService.swift; sourceTree = "<group>"; };
		040E479E2AC6DB960047B78A /* AuthManager.swift */ = {isa = PBXFileReference; lastKnownFileType = sourcecode.swift; path = AuthManager.swift; sourceTree = "<group>"; };
		040E47A12AC6DD4D0047B78A /* CustomTabBarController.swift */ = {isa = PBXFileReference; lastKnownFileType = sourcecode.swift; path = CustomTabBarController.swift; sourceTree = "<group>"; };
		040E47A32AC6DDBE0047B78A /* CustomTabBar.swift */ = {isa = PBXFileReference; lastKnownFileType = sourcecode.swift; path = CustomTabBar.swift; sourceTree = "<group>"; };
		041794282AC9E0C100B1F45B /* OTPView.swift */ = {isa = PBXFileReference; lastKnownFileType = sourcecode.swift; path = OTPView.swift; sourceTree = "<group>"; };
		0417942A2AC9E0E100B1F45B /* OTPViewController.swift */ = {isa = PBXFileReference; lastKnownFileType = sourcecode.swift; path = OTPViewController.swift; sourceTree = "<group>"; };
		0417942D2AC9E13500B1F45B /* LikeView.swift */ = {isa = PBXFileReference; lastKnownFileType = sourcecode.swift; path = LikeView.swift; sourceTree = "<group>"; };
		0417942F2AC9E15100B1F45B /* LikeViewController.swift */ = {isa = PBXFileReference; lastKnownFileType = sourcecode.swift; path = LikeViewController.swift; sourceTree = "<group>"; };
		041794322AC9E17600B1F45B /* ProductView.swift */ = {isa = PBXFileReference; lastKnownFileType = sourcecode.swift; path = ProductView.swift; sourceTree = "<group>"; };
		041794342AC9E19C00B1F45B /* ProductCellView.swift */ = {isa = PBXFileReference; lastKnownFileType = sourcecode.swift; path = ProductCellView.swift; sourceTree = "<group>"; };
		041794362AC9E1BA00B1F45B /* PopUp.swift */ = {isa = PBXFileReference; lastKnownFileType = sourcecode.swift; path = PopUp.swift; sourceTree = "<group>"; };
		041794392AC9E1EC00B1F45B /* ProductViewModel.swift */ = {isa = PBXFileReference; lastKnownFileType = sourcecode.swift; path = ProductViewModel.swift; sourceTree = "<group>"; };
		0417943B2AC9E20900B1F45B /* ProductViewController.swift */ = {isa = PBXFileReference; lastKnownFileType = sourcecode.swift; path = ProductViewController.swift; sourceTree = "<group>"; };
		0417943E2AC9E27800B1F45B /* ChangeProductView.swift */ = {isa = PBXFileReference; lastKnownFileType = sourcecode.swift; path = ChangeProductView.swift; sourceTree = "<group>"; };
		041794402AC9E2A500B1F45B /* ChangeProductViewController.swift */ = {isa = PBXFileReference; lastKnownFileType = sourcecode.swift; path = ChangeProductViewController.swift; sourceTree = "<group>"; };
		041794422AC9E2C400B1F45B /* ChangeProductViewModel.swift */ = {isa = PBXFileReference; lastKnownFileType = sourcecode.swift; path = ChangeProductViewModel.swift; sourceTree = "<group>"; };
		041794442AC9E35800B1F45B /* StringExtensions.swift */ = {isa = PBXFileReference; lastKnownFileType = sourcecode.swift; path = StringExtensions.swift; sourceTree = "<group>"; };
		041794462AC9E38500B1F45B /* BorderedTextField.swift */ = {isa = PBXFileReference; lastKnownFileType = sourcecode.swift; path = BorderedTextField.swift; sourceTree = "<group>"; };
		041794482AC9E3A400B1F45B /* NumberTextField.swift */ = {isa = PBXFileReference; lastKnownFileType = sourcecode.swift; path = NumberTextField.swift; sourceTree = "<group>"; };
		0417944B2AC9E52C00B1F45B /* AddProductView.swift */ = {isa = PBXFileReference; lastKnownFileType = sourcecode.swift; path = AddProductView.swift; sourceTree = "<group>"; };
		0417944E2AC9E55A00B1F45B /* CustomCellView.swift */ = {isa = PBXFileReference; lastKnownFileType = sourcecode.swift; path = CustomCellView.swift; sourceTree = "<group>"; };
		041794502AC9E57C00B1F45B /* AddProductViewController.swift */ = {isa = PBXFileReference; lastKnownFileType = sourcecode.swift; path = AddProductViewController.swift; sourceTree = "<group>"; };
		041794522AC9E59C00B1F45B /* AddProductViewModel.swift */ = {isa = PBXFileReference; lastKnownFileType = sourcecode.swift; path = AddProductViewModel.swift; sourceTree = "<group>"; };
		042F29442AC851E800E79221 /* PasswordView.swift */ = {isa = PBXFileReference; lastKnownFileType = sourcecode.swift; path = PasswordView.swift; sourceTree = "<group>"; };
		042F29462AC8521800E79221 /* PasswordViewController.swift */ = {isa = PBXFileReference; lastKnownFileType = sourcecode.swift; path = PasswordViewController.swift; sourceTree = "<group>"; };
		042F29482AC8524000E79221 /* PasswordViewModel.swift */ = {isa = PBXFileReference; lastKnownFileType = sourcecode.swift; path = PasswordViewModel.swift; sourceTree = "<group>"; };
		042F294A2AC85F4E00E79221 /* ProfileViewController.swift */ = {isa = PBXFileReference; lastKnownFileType = sourcecode.swift; path = ProfileViewController.swift; sourceTree = "<group>"; };
		042F294C2AC85FB100E79221 /* DataExtencions.swift */ = {isa = PBXFileReference; lastKnownFileType = sourcecode.swift; path = DataExtencions.swift; sourceTree = "<group>"; };
		042F29502AC8606100E79221 /* GetUserData.swift */ = {isa = PBXFileReference; lastKnownFileType = sourcecode.swift; path = GetUserData.swift; sourceTree = "<group>"; };
		042F29532AC861D600E79221 /* FinishRegistrationViewController.swift */ = {isa = PBXFileReference; lastKnownFileType = sourcecode.swift; path = FinishRegistrationViewController.swift; sourceTree = "<group>"; };
		042F29552AC861E700E79221 /* FinishRegistrationView.swift */ = {isa = PBXFileReference; lastKnownFileType = sourcecode.swift; path = FinishRegistrationView.swift; sourceTree = "<group>"; };
		042F29582AC8629600E79221 /* NumberView.swift */ = {isa = PBXFileReference; lastKnownFileType = sourcecode.swift; path = NumberView.swift; sourceTree = "<group>"; };
		042F295A2AC862A300E79221 /* NumberViewController.swift */ = {isa = PBXFileReference; lastKnownFileType = sourcecode.swift; path = NumberViewController.swift; sourceTree = "<group>"; };
		042F295C2AC862C300E79221 /* NumberViewModel.swift */ = {isa = PBXFileReference; lastKnownFileType = sourcecode.swift; path = NumberViewModel.swift; sourceTree = "<group>"; };
		04C0E5312AC154ED008CB682 /* neobis_front_auth.app */ = {isa = PBXFileReference; explicitFileType = wrapper.application; includeInIndex = 0; path = neobis_front_auth.app; sourceTree = BUILT_PRODUCTS_DIR; };
		04C0E5342AC154ED008CB682 /* AppDelegate.swift */ = {isa = PBXFileReference; lastKnownFileType = sourcecode.swift; path = AppDelegate.swift; sourceTree = "<group>"; };
		04C0E5362AC154ED008CB682 /* SceneDelegate.swift */ = {isa = PBXFileReference; lastKnownFileType = sourcecode.swift; path = SceneDelegate.swift; sourceTree = "<group>"; };
		04C0E5382AC154ED008CB682 /* ViewController.swift */ = {isa = PBXFileReference; lastKnownFileType = sourcecode.swift; path = ViewController.swift; sourceTree = "<group>"; };
		04C0E53B2AC154ED008CB682 /* Base */ = {isa = PBXFileReference; lastKnownFileType = file.storyboard; name = Base; path = Base.lproj/Main.storyboard; sourceTree = "<group>"; };
		04C0E53D2AC154EE008CB682 /* Assets.xcassets */ = {isa = PBXFileReference; lastKnownFileType = folder.assetcatalog; path = Assets.xcassets; sourceTree = "<group>"; };
		04C0E5402AC154EE008CB682 /* Base */ = {isa = PBXFileReference; lastKnownFileType = file.storyboard; name = Base; path = Base.lproj/LaunchScreen.storyboard; sourceTree = "<group>"; };
		04C0E5422AC154EE008CB682 /* Info.plist */ = {isa = PBXFileReference; lastKnownFileType = text.plist.xml; path = Info.plist; sourceTree = "<group>"; };
		04C0E54D2AC15596008CB682 /* SplashScreenView.swift */ = {isa = PBXFileReference; lastKnownFileType = sourcecode.swift; path = SplashScreenView.swift; sourceTree = "<group>"; };
		04C84AA12AC64BC10022A480 /* MainView.swift */ = {isa = PBXFileReference; lastKnownFileType = sourcecode.swift; path = MainView.swift; sourceTree = "<group>"; };
		04C84AA32AC64BE70022A480 /* MainViewController.swift */ = {isa = PBXFileReference; lastKnownFileType = sourcecode.swift; path = MainViewController.swift; sourceTree = "<group>"; };
		04C84AA62AC64C4E0022A480 /* LoginView.swift */ = {isa = PBXFileReference; lastKnownFileType = sourcecode.swift; path = LoginView.swift; sourceTree = "<group>"; };
		04C84AA82AC64C8B0022A480 /* LoginViewController.swift */ = {isa = PBXFileReference; lastKnownFileType = sourcecode.swift; path = LoginViewController.swift; sourceTree = "<group>"; };
		04C84AAA2AC64C9F0022A480 /* LoginViewModel.swift */ = {isa = PBXFileReference; lastKnownFileType = sourcecode.swift; path = LoginViewModel.swift; sourceTree = "<group>"; };
		04C84AAD2AC64D1C0022A480 /* RegistrationView.swift */ = {isa = PBXFileReference; lastKnownFileType = sourcecode.swift; path = RegistrationView.swift; sourceTree = "<group>"; };
		04C84AAF2AC64D3B0022A480 /* RegistrationViewController.swift */ = {isa = PBXFileReference; lastKnownFileType = sourcecode.swift; path = RegistrationViewController.swift; sourceTree = "<group>"; };
		04C84AB22AC64FC10022A480 /* AnimatedTextField.swift */ = {isa = PBXFileReference; lastKnownFileType = sourcecode.swift; path = AnimatedTextField.swift; sourceTree = "<group>"; };
		04C84AB52AC6508D0022A480 /* ProfileView.swift */ = {isa = PBXFileReference; lastKnownFileType = sourcecode.swift; path = ProfileView.swift; sourceTree = "<group>"; };
		04C84AB82AC652280022A480 /* gothampro_mediumitalic.ttf */ = {isa = PBXFileReference; lastKnownFileType = file; path = gothampro_mediumitalic.ttf; sourceTree = "<group>"; };
		04C84AB92AC652280022A480 /* GothamPro-Narrow-Bold.ttf */ = {isa = PBXFileReference; lastKnownFileType = file; path = "GothamPro-Narrow-Bold.ttf"; sourceTree = "<group>"; };
		04C84ABA2AC652280022A480 /* GothamPro-Narrow.ttf */ = {isa = PBXFileReference; lastKnownFileType = file; path = "GothamPro-Narrow.ttf"; sourceTree = "<group>"; };
		04C84ABB2AC652280022A480 /* Nunito-Medium.ttf */ = {isa = PBXFileReference; lastKnownFileType = file; path = "Nunito-Medium.ttf"; sourceTree = "<group>"; };
		04C84AC82AC652280022A480 /* GothamPro-LightItalic.ttf */ = {isa = PBXFileReference; lastKnownFileType = file; path = "GothamPro-LightItalic.ttf"; sourceTree = "<group>"; };
		04C84AC92AC652280022A480 /* Nunito-ExtraBoldItalic.ttf */ = {isa = PBXFileReference; lastKnownFileType = file; path = "Nunito-ExtraBoldItalic.ttf"; sourceTree = "<group>"; };
		04C84ACA2AC652280022A480 /* gothampro_medium.ttf */ = {isa = PBXFileReference; lastKnownFileType = file; path = gothampro_medium.ttf; sourceTree = "<group>"; };
		04C84ACB2AC652280022A480 /* GothamPro-MediumItalic.ttf */ = {isa = PBXFileReference; lastKnownFileType = file; path = "GothamPro-MediumItalic.ttf"; sourceTree = "<group>"; };
		04C84ACC2AC652280022A480 /* gothampro.ttf */ = {isa = PBXFileReference; lastKnownFileType = file; path = gothampro.ttf; sourceTree = "<group>"; };
		04C84ACD2AC652280022A480 /* GothamPro-Medium.ttf */ = {isa = PBXFileReference; lastKnownFileType = file; path = "GothamPro-Medium.ttf"; sourceTree = "<group>"; };
		04C84ACE2AC652280022A480 /* Nunito-ExtraBold.ttf */ = {isa = PBXFileReference; lastKnownFileType = file; path = "Nunito-ExtraBold.ttf"; sourceTree = "<group>"; };
		04C84ACF2AC652280022A480 /* Nunito-ExtraLightItalic.ttf */ = {isa = PBXFileReference; lastKnownFileType = file; path = "Nunito-ExtraLightItalic.ttf"; sourceTree = "<group>"; };
		04C84AD02AC652280022A480 /* GothamPro-BlackItalic.ttf */ = {isa = PBXFileReference; lastKnownFileType = file; path = "GothamPro-BlackItalic.ttf"; sourceTree = "<group>"; };
		04C84AD12AC652280022A480 /* GothamPro-Black.ttf */ = {isa = PBXFileReference; lastKnownFileType = file; path = "GothamPro-Black.ttf"; sourceTree = "<group>"; };
		04C84AD22AC652280022A480 /* GothamProNarrow-Bold.ttf */ = {isa = PBXFileReference; lastKnownFileType = file; path = "GothamProNarrow-Bold.ttf"; sourceTree = "<group>"; };
		04C84AD32AC652280022A480 /* GothamPro-BoldItalic.ttf */ = {isa = PBXFileReference; lastKnownFileType = file; path = "GothamPro-BoldItalic.ttf"; sourceTree = "<group>"; };
		04C84AD42AC652280022A480 /* Nunito-Light.ttf */ = {isa = PBXFileReference; lastKnownFileType = file; path = "Nunito-Light.ttf"; sourceTree = "<group>"; };
		04C84AD52AC652280022A480 /* Nunito-Regular.ttf */ = {isa = PBXFileReference; lastKnownFileType = file; path = "Nunito-Regular.ttf"; sourceTree = "<group>"; };
		04C84AD62AC652280022A480 /* gothampro_bold.ttf */ = {isa = PBXFileReference; lastKnownFileType = file; path = gothampro_bold.ttf; sourceTree = "<group>"; };
		04C84AD72AC652280022A480 /* gothampro_black.ttf */ = {isa = PBXFileReference; lastKnownFileType = file; path = gothampro_black.ttf; sourceTree = "<group>"; };
		04C84AD82AC652280022A480 /* Nunito-SemiBold.ttf */ = {isa = PBXFileReference; lastKnownFileType = file; path = "Nunito-SemiBold.ttf"; sourceTree = "<group>"; };
		04C84AD92AC652280022A480 /* Nunito-Bold.ttf */ = {isa = PBXFileReference; lastKnownFileType = file; path = "Nunito-Bold.ttf"; sourceTree = "<group>"; };
		04C84ADA2AC652280022A480 /* Nunito-BoldItalic.ttf */ = {isa = PBXFileReference; lastKnownFileType = file; path = "Nunito-BoldItalic.ttf"; sourceTree = "<group>"; };
		04C84ADB2AC652280022A480 /* Nunito-Black.ttf */ = {isa = PBXFileReference; lastKnownFileType = file; path = "Nunito-Black.ttf"; sourceTree = "<group>"; };
		04C84ADC2AC652280022A480 /* GothamProNarrow-Medium.ttf */ = {isa = PBXFileReference; lastKnownFileType = file; path = "GothamProNarrow-Medium.ttf"; sourceTree = "<group>"; };
		04C84ADD2AC652280022A480 /* Nunito-ExtraLight.ttf */ = {isa = PBXFileReference; lastKnownFileType = file; path = "Nunito-ExtraLight.ttf"; sourceTree = "<group>"; };
		04C84ADE2AC652280022A480 /* gothampro_italic.ttf */ = {isa = PBXFileReference; lastKnownFileType = file; path = gothampro_italic.ttf; sourceTree = "<group>"; };
		04C84ADF2AC652280022A480 /* gothampro_light.ttf */ = {isa = PBXFileReference; lastKnownFileType = file; path = gothampro_light.ttf; sourceTree = "<group>"; };
		04C84AE02AC652280022A480 /* Nunito-SemiBoldItalic.ttf */ = {isa = PBXFileReference; lastKnownFileType = file; path = "Nunito-SemiBoldItalic.ttf"; sourceTree = "<group>"; };
		04C84AE12AC652280022A480 /* GothamPro-Italic.ttf */ = {isa = PBXFileReference; lastKnownFileType = file; path = "GothamPro-Italic.ttf"; sourceTree = "<group>"; };
		04C84AE22AC652280022A480 /* Nunito-BlackItalic.ttf */ = {isa = PBXFileReference; lastKnownFileType = file; path = "Nunito-BlackItalic.ttf"; sourceTree = "<group>"; };
		04C84AE32AC652280022A480 /* GothamPro-Narrow-Medium.ttf */ = {isa = PBXFileReference; lastKnownFileType = file; path = "GothamPro-Narrow-Medium.ttf"; sourceTree = "<group>"; };
		04C84AE42AC652280022A480 /* gothampro_lightitalic.ttf */ = {isa = PBXFileReference; lastKnownFileType = file; path = gothampro_lightitalic.ttf; sourceTree = "<group>"; };
		04C84AE52AC652280022A480 /* GothamPro-Light.ttf */ = {isa = PBXFileReference; lastKnownFileType = file; path = "GothamPro-Light.ttf"; sourceTree = "<group>"; };
		04C84AE62AC652280022A480 /* Nunito-Italic.ttf */ = {isa = PBXFileReference; lastKnownFileType = file; path = "Nunito-Italic.ttf"; sourceTree = "<group>"; };
		04C84AE72AC652280022A480 /* gothampro_blackitalic.ttf */ = {isa = PBXFileReference; lastKnownFileType = file; path = gothampro_blackitalic.ttf; sourceTree = "<group>"; };
		04C84AE82AC652280022A480 /* GothamPro-Bold.ttf */ = {isa = PBXFileReference; lastKnownFileType = file; path = "GothamPro-Bold.ttf"; sourceTree = "<group>"; };
		04C84AE92AC652280022A480 /* gothampro_bolditalic.ttf */ = {isa = PBXFileReference; lastKnownFileType = file; path = gothampro_bolditalic.ttf; sourceTree = "<group>"; };
		04C84AEA2AC652280022A480 /* Nunito-LightItalic.ttf */ = {isa = PBXFileReference; lastKnownFileType = file; path = "Nunito-LightItalic.ttf"; sourceTree = "<group>"; };
		04C84AEB2AC652280022A480 /* Nunito-MediumItalic.ttf */ = {isa = PBXFileReference; lastKnownFileType = file; path = "Nunito-MediumItalic.ttf"; sourceTree = "<group>"; };
/* End PBXFileReference section */

/* Begin PBXFrameworksBuildPhase section */
		04C0E52E2AC154ED008CB682 /* Frameworks */ = {
			isa = PBXFrameworksBuildPhase;
			buildActionMask = 2147483647;
			files = (
				04C0E54B2AC1553A008CB682 /* SnapKit in Frameworks */,
				04C84A9C2AC64B3E0022A480 /* Alamofire in Frameworks */,
				04C84A9F2AC64B770022A480 /* AlamofireImage in Frameworks */,
			);
			runOnlyForDeploymentPostprocessing = 0;
		};
/* End PBXFrameworksBuildPhase section */

/* Begin PBXGroup section */
		040E47912AC6CB8F0047B78A /* Model */ = {
			isa = PBXGroup;
			children = (
				040E47922AC6CBB30047B78A /* Model.swift */,
			);
			path = Model;
			sourceTree = "<group>";
		};
		040E47942AC6D7D70047B78A /* Service */ = {
			isa = PBXGroup;
			children = (
				040E479D2AC6DB720047B78A /* AuthManager */,
				040E47952AC6D7F30047B78A /* APIService.swift */,
			);
			path = Service;
			sourceTree = "<group>";
		};
		040E47972AC6D9960047B78A /* Helper */ = {
			isa = PBXGroup;
			children = (
				041F75772AD5405B000E0285 /* Extencions  */,
			);
			path = Helper;
			sourceTree = "<group>";
		};
		040E479D2AC6DB720047B78A /* AuthManager */ = {
			isa = PBXGroup;
			children = (
				040E479E2AC6DB960047B78A /* AuthManager.swift */,
			);
			path = AuthManager;
			sourceTree = "<group>";
		};
		040E47A02AC6DD220047B78A /* CustomTabBar */ = {
			isa = PBXGroup;
			children = (
				040E47A12AC6DD4D0047B78A /* CustomTabBarController.swift */,
				040E47A32AC6DDBE0047B78A /* CustomTabBar.swift */,
			);
			path = CustomTabBar;
			sourceTree = "<group>";
		};
		041794272AC9E0A200B1F45B /* OTP */ = {
			isa = PBXGroup;
			children = (
				041794282AC9E0C100B1F45B /* OTPView.swift */,
				0417942A2AC9E0E100B1F45B /* OTPViewController.swift */,
			);
			path = OTP;
			sourceTree = "<group>";
		};
		0417942C2AC9E10700B1F45B /* LikeScreen */ = {
			isa = PBXGroup;
			children = (
				0417942D2AC9E13500B1F45B /* LikeView.swift */,
				0417942F2AC9E15100B1F45B /* LikeViewController.swift */,
			);
			path = LikeScreen;
			sourceTree = "<group>";
		};
		041794312AC9E16700B1F45B /* Product */ = {
			isa = PBXGroup;
			children = (
				041794382AC9E1C800B1F45B /* View */,
				041794392AC9E1EC00B1F45B /* ProductViewModel.swift */,
				0417943B2AC9E20900B1F45B /* ProductViewController.swift */,
			);
			path = Product;
			sourceTree = "<group>";
		};
		041794382AC9E1C800B1F45B /* View */ = {
			isa = PBXGroup;
			children = (
				041794322AC9E17600B1F45B /* ProductView.swift */,
				041794342AC9E19C00B1F45B /* ProductCellView.swift */,
				041794362AC9E1BA00B1F45B /* PopUp.swift */,
			);
			path = View;
			sourceTree = "<group>";
		};
		0417943D2AC9E25000B1F45B /* ChangeProduct */ = {
			isa = PBXGroup;
			children = (
				0417943E2AC9E27800B1F45B /* ChangeProductView.swift */,
				041794402AC9E2A500B1F45B /* ChangeProductViewController.swift */,
				041794422AC9E2C400B1F45B /* ChangeProductViewModel.swift */,
			);
			path = ChangeProduct;
			sourceTree = "<group>";
		};
		0417944A2AC9E51A00B1F45B /* AddProduct */ = {
			isa = PBXGroup;
			children = (
				0417944D2AC9E54700B1F45B /* View */,
				041794502AC9E57C00B1F45B /* AddProductViewController.swift */,
				041794522AC9E59C00B1F45B /* AddProductViewModel.swift */,
			);
			path = AddProduct;
			sourceTree = "<group>";
		};
		0417944D2AC9E54700B1F45B /* View */ = {
			isa = PBXGroup;
			children = (
				0417944B2AC9E52C00B1F45B /* AddProductView.swift */,
				0417944E2AC9E55A00B1F45B /* CustomCellView.swift */,
			);
			path = View;
			sourceTree = "<group>";
		};
		041794542AC9E5D000B1F45B /* Delegates */ = {
			isa = PBXGroup;
			children = (
				04C0E5342AC154ED008CB682 /* AppDelegate.swift */,
				04C0E5362AC154ED008CB682 /* SceneDelegate.swift */,
			);
			path = Delegates;
			sourceTree = "<group>";
		};
		041F75762AD53D92000E0285 /* Custom */ = {
			isa = PBXGroup;
			children = (
				04C84AB12AC64F860022A480 /* CustomTextFields */,
				040E47A02AC6DD220047B78A /* CustomTabBar */,
			);
			path = Custom;
			sourceTree = "<group>";
		};
		041F75772AD5405B000E0285 /* Extencions  */ = {
			isa = PBXGroup;
			children = (
				042F294C2AC85FB100E79221 /* DataExtencions.swift */,
				041794442AC9E35800B1F45B /* StringExtensions.swift */,
			);
			path = "Extencions ";
			sourceTree = "<group>";
		};
		042F29432AC851D600E79221 /* Password */ = {
			isa = PBXGroup;
			children = (
				042F29442AC851E800E79221 /* PasswordView.swift */,
				042F29462AC8521800E79221 /* PasswordViewController.swift */,
				042F29482AC8524000E79221 /* PasswordViewModel.swift */,
			);
			path = Password;
			sourceTree = "<group>";
		};
		042F294E2AC8604100E79221 /* GetUserData */ = {
			isa = PBXGroup;
			children = (
				042F29502AC8606100E79221 /* GetUserData.swift */,
			);
			path = GetUserData;
			sourceTree = "<group>";
		};
		042F29522AC861B700E79221 /* FinishRegistration */ = {
			isa = PBXGroup;
			children = (
				042F29532AC861D600E79221 /* FinishRegistrationViewController.swift */,
				042F29552AC861E700E79221 /* FinishRegistrationView.swift */,
			);
			path = FinishRegistration;
			sourceTree = "<group>";
		};
		042F29572AC8627500E79221 /* AddNumber */ = {
			isa = PBXGroup;
			children = (
				042F29582AC8629600E79221 /* NumberView.swift */,
				042F295A2AC862A300E79221 /* NumberViewController.swift */,
				042F295C2AC862C300E79221 /* NumberViewModel.swift */,
			);
			path = AddNumber;
			sourceTree = "<group>";
		};
		04C0E5282AC154ED008CB682 = {
			isa = PBXGroup;
			children = (
				04C0E5332AC154ED008CB682 /* neobis_front_auth */,
				04C0E5322AC154ED008CB682 /* Products */,
			);
			sourceTree = "<group>";
		};
		04C0E5322AC154ED008CB682 /* Products */ = {
			isa = PBXGroup;
			children = (
				04C0E5312AC154ED008CB682 /* neobis_front_auth.app */,
			);
			name = Products;
			sourceTree = "<group>";
		};
		04C0E5332AC154ED008CB682 /* neobis_front_auth */ = {
			isa = PBXGroup;
			children = (
				041F75762AD53D92000E0285 /* Custom */,
				041794542AC9E5D000B1F45B /* Delegates */,
				042F294E2AC8604100E79221 /* GetUserData */,
				040E47972AC6D9960047B78A /* Helper */,
				040E47942AC6D7D70047B78A /* Service */,
				040E47912AC6CB8F0047B78A /* Model */,
				04C0E5482AC15518008CB682 /* Screens */,
				04C0E5382AC154ED008CB682 /* ViewController.swift */,
				04C0E53A2AC154ED008CB682 /* Main.storyboard */,
				04C0E53D2AC154EE008CB682 /* Assets.xcassets */,
				04C0E53F2AC154EE008CB682 /* LaunchScreen.storyboard */,
				04C0E5422AC154EE008CB682 /* Info.plist */,
			);
			path = neobis_front_auth;
			sourceTree = "<group>";
		};
		04C0E5482AC15518008CB682 /* Screens */ = {
			isa = PBXGroup;
			children = (
				0417944A2AC9E51A00B1F45B /* AddProduct */,
				04C84AA02AC64B8E0022A480 /* MainScreen */,
				04C0E54C2AC15573008CB682 /* SplashScreen */,
				04C84AA52AC64C3D0022A480 /* Login */,
				04C84AAC2AC64CF90022A480 /* Registratoin */,
				042F29432AC851D600E79221 /* Password */,
				04C84AB42AC6507A0022A480 /* Profile */,
				042F29522AC861B700E79221 /* FinishRegistration */,
				042F29572AC8627500E79221 /* AddNumber */,
				041794272AC9E0A200B1F45B /* OTP */,
				0417942C2AC9E10700B1F45B /* LikeScreen */,
				041794312AC9E16700B1F45B /* Product */,
				0417943D2AC9E25000B1F45B /* ChangeProduct */,
				04C84AB72AC652280022A480 /* Fonts */,
			);
			path = Screens;
			sourceTree = "<group>";
		};
		04C0E54C2AC15573008CB682 /* SplashScreen */ = {
			isa = PBXGroup;
			children = (
				04C0E54D2AC15596008CB682 /* SplashScreenView.swift */,
			);
			path = SplashScreen;
			sourceTree = "<group>";
		};
		04C84AA02AC64B8E0022A480 /* MainScreen */ = {
			isa = PBXGroup;
			children = (
				04C84AA12AC64BC10022A480 /* MainView.swift */,
				04C84AA32AC64BE70022A480 /* MainViewController.swift */,
			);
			path = MainScreen;
			sourceTree = "<group>";
		};
		04C84AA52AC64C3D0022A480 /* Login */ = {
			isa = PBXGroup;
			children = (
				04C84AA62AC64C4E0022A480 /* LoginView.swift */,
				04C84AA82AC64C8B0022A480 /* LoginViewController.swift */,
				04C84AAA2AC64C9F0022A480 /* LoginViewModel.swift */,
			);
			path = Login;
			sourceTree = "<group>";
		};
		04C84AAC2AC64CF90022A480 /* Registratoin */ = {
			isa = PBXGroup;
			children = (
				04C84AAD2AC64D1C0022A480 /* RegistrationView.swift */,
				04C84AAF2AC64D3B0022A480 /* RegistrationViewController.swift */,
			);
			path = Registratoin;
			sourceTree = "<group>";
		};
		04C84AB12AC64F860022A480 /* CustomTextFields */ = {
			isa = PBXGroup;
			children = (
				04C84AB22AC64FC10022A480 /* AnimatedTextField.swift */,
				041794462AC9E38500B1F45B /* BorderedTextField.swift */,
				041794482AC9E3A400B1F45B /* NumberTextField.swift */,
			);
			path = CustomTextFields;
			sourceTree = "<group>";
		};
		04C84AB42AC6507A0022A480 /* Profile */ = {
			isa = PBXGroup;
			children = (
				04C84AB52AC6508D0022A480 /* ProfileView.swift */,
				042F294A2AC85F4E00E79221 /* ProfileViewController.swift */,
			);
			path = Profile;
			sourceTree = "<group>";
		};
		04C84AB72AC652280022A480 /* Fonts */ = {
			isa = PBXGroup;
			children = (
				04C84AB82AC652280022A480 /* gothampro_mediumitalic.ttf */,
				04C84AB92AC652280022A480 /* GothamPro-Narrow-Bold.ttf */,
				04C84ABA2AC652280022A480 /* GothamPro-Narrow.ttf */,
				04C84ABB2AC652280022A480 /* Nunito-Medium.ttf */,
				04C84AC82AC652280022A480 /* GothamPro-LightItalic.ttf */,
				04C84AC92AC652280022A480 /* Nunito-ExtraBoldItalic.ttf */,
				04C84ACA2AC652280022A480 /* gothampro_medium.ttf */,
				04C84ACB2AC652280022A480 /* GothamPro-MediumItalic.ttf */,
				04C84ACC2AC652280022A480 /* gothampro.ttf */,
				04C84ACD2AC652280022A480 /* GothamPro-Medium.ttf */,
				04C84ACE2AC652280022A480 /* Nunito-ExtraBold.ttf */,
				04C84ACF2AC652280022A480 /* Nunito-ExtraLightItalic.ttf */,
				04C84AD02AC652280022A480 /* GothamPro-BlackItalic.ttf */,
				04C84AD12AC652280022A480 /* GothamPro-Black.ttf */,
				04C84AD22AC652280022A480 /* GothamProNarrow-Bold.ttf */,
				04C84AD32AC652280022A480 /* GothamPro-BoldItalic.ttf */,
				04C84AD42AC652280022A480 /* Nunito-Light.ttf */,
				04C84AD52AC652280022A480 /* Nunito-Regular.ttf */,
				04C84AD62AC652280022A480 /* gothampro_bold.ttf */,
				04C84AD72AC652280022A480 /* gothampro_black.ttf */,
				04C84AD82AC652280022A480 /* Nunito-SemiBold.ttf */,
				04C84AD92AC652280022A480 /* Nunito-Bold.ttf */,
				04C84ADA2AC652280022A480 /* Nunito-BoldItalic.ttf */,
				04C84ADB2AC652280022A480 /* Nunito-Black.ttf */,
				04C84ADC2AC652280022A480 /* GothamProNarrow-Medium.ttf */,
				04C84ADD2AC652280022A480 /* Nunito-ExtraLight.ttf */,
				04C84ADE2AC652280022A480 /* gothampro_italic.ttf */,
				04C84ADF2AC652280022A480 /* gothampro_light.ttf */,
				04C84AE02AC652280022A480 /* Nunito-SemiBoldItalic.ttf */,
				04C84AE12AC652280022A480 /* GothamPro-Italic.ttf */,
				04C84AE22AC652280022A480 /* Nunito-BlackItalic.ttf */,
				04C84AE32AC652280022A480 /* GothamPro-Narrow-Medium.ttf */,
				04C84AE42AC652280022A480 /* gothampro_lightitalic.ttf */,
				04C84AE52AC652280022A480 /* GothamPro-Light.ttf */,
				04C84AE62AC652280022A480 /* Nunito-Italic.ttf */,
				04C84AE72AC652280022A480 /* gothampro_blackitalic.ttf */,
				04C84AE82AC652280022A480 /* GothamPro-Bold.ttf */,
				04C84AE92AC652280022A480 /* gothampro_bolditalic.ttf */,
				04C84AEA2AC652280022A480 /* Nunito-LightItalic.ttf */,
				04C84AEB2AC652280022A480 /* Nunito-MediumItalic.ttf */,
			);
			path = Fonts;
			sourceTree = "<group>";
		};
/* End PBXGroup section */

/* Begin PBXNativeTarget section */
		04C0E5302AC154ED008CB682 /* neobis_front_auth */ = {
			isa = PBXNativeTarget;
			buildConfigurationList = 04C0E5452AC154EE008CB682 /* Build configuration list for PBXNativeTarget "neobis_front_auth" */;
			buildPhases = (
				04C0E52D2AC154ED008CB682 /* Sources */,
				04C0E52E2AC154ED008CB682 /* Frameworks */,
				04C0E52F2AC154ED008CB682 /* Resources */,
			);
			buildRules = (
			);
			dependencies = (
			);
			name = neobis_front_auth;
			packageProductDependencies = (
				04C0E54A2AC1553A008CB682 /* SnapKit */,
				04C84A9B2AC64B3E0022A480 /* Alamofire */,
				04C84A9E2AC64B770022A480 /* AlamofireImage */,
			);
			productName = neobis_front_auth;
			productReference = 04C0E5312AC154ED008CB682 /* neobis_front_auth.app */;
			productType = "com.apple.product-type.application";
		};
/* End PBXNativeTarget section */

/* Begin PBXProject section */
		04C0E5292AC154ED008CB682 /* Project object */ = {
			isa = PBXProject;
			attributes = {
				BuildIndependentTargetsInParallel = 1;
				LastSwiftUpdateCheck = 1430;
				LastUpgradeCheck = 1430;
				TargetAttributes = {
					04C0E5302AC154ED008CB682 = {
						CreatedOnToolsVersion = 14.3.1;
					};
				};
			};
			buildConfigurationList = 04C0E52C2AC154ED008CB682 /* Build configuration list for PBXProject "neobis_front_auth" */;
			compatibilityVersion = "Xcode 14.0";
			developmentRegion = en;
			hasScannedForEncodings = 0;
			knownRegions = (
				en,
				Base,
			);
			mainGroup = 04C0E5282AC154ED008CB682;
			packageReferences = (
				04C0E5492AC1553A008CB682 /* XCRemoteSwiftPackageReference "SnapKit" */,
				04C84A9A2AC64B3E0022A480 /* XCRemoteSwiftPackageReference "Alamofire" */,
				04C84A9D2AC64B770022A480 /* XCRemoteSwiftPackageReference "AlamofireImage" */,
			);
			productRefGroup = 04C0E5322AC154ED008CB682 /* Products */;
			projectDirPath = "";
			projectRoot = "";
			targets = (
				04C0E5302AC154ED008CB682 /* neobis_front_auth */,
			);
		};
/* End PBXProject section */

/* Begin PBXResourcesBuildPhase section */
		04C0E52F2AC154ED008CB682 /* Resources */ = {
			isa = PBXResourcesBuildPhase;
			buildActionMask = 2147483647;
			files = (
				04C0E5412AC154EE008CB682 /* LaunchScreen.storyboard in Resources */,
				04C84B122AC652280022A480 /* gothampro_light.ttf in Resources */,
				04C84AFD2AC652280022A480 /* gothampro_medium.ttf in Resources */,
				04C84B1C2AC652280022A480 /* gothampro_bolditalic.ttf in Resources */,
				04C84B042AC652280022A480 /* GothamPro-Black.ttf in Resources */,
				04C84AEC2AC652280022A480 /* gothampro_mediumitalic.ttf in Resources */,
				04C84B072AC652280022A480 /* Nunito-Light.ttf in Resources */,
				04C84B002AC652280022A480 /* GothamPro-Medium.ttf in Resources */,
				04C84B092AC652280022A480 /* gothampro_bold.ttf in Resources */,
				04C84B082AC652280022A480 /* Nunito-Regular.ttf in Resources */,
				04C84B132AC652280022A480 /* Nunito-SemiBoldItalic.ttf in Resources */,
				04C0E53E2AC154EE008CB682 /* Assets.xcassets in Resources */,
				04C84B1D2AC652280022A480 /* Nunito-LightItalic.ttf in Resources */,
				04C84AEE2AC652280022A480 /* GothamPro-Narrow.ttf in Resources */,
				04C84B0B2AC652280022A480 /* Nunito-SemiBold.ttf in Resources */,
				04C84AEF2AC652280022A480 /* Nunito-Medium.ttf in Resources */,
				04C84AFB2AC652280022A480 /* GothamPro-LightItalic.ttf in Resources */,
				04C84B192AC652280022A480 /* Nunito-Italic.ttf in Resources */,
				04C84B152AC652280022A480 /* Nunito-BlackItalic.ttf in Resources */,
				04C84B182AC652280022A480 /* GothamPro-Light.ttf in Resources */,
				04C84B032AC652280022A480 /* GothamPro-BlackItalic.ttf in Resources */,
				04C84B0A2AC652280022A480 /* gothampro_black.ttf in Resources */,
				04C84B022AC652280022A480 /* Nunito-ExtraLightItalic.ttf in Resources */,
				04C84AFC2AC652280022A480 /* Nunito-ExtraBoldItalic.ttf in Resources */,
				04C84B0C2AC652280022A480 /* Nunito-Bold.ttf in Resources */,
				04C84B1A2AC652280022A480 /* gothampro_blackitalic.ttf in Resources */,
				04C84B162AC652280022A480 /* GothamPro-Narrow-Medium.ttf in Resources */,
				04C84AFE2AC652280022A480 /* GothamPro-MediumItalic.ttf in Resources */,
				04C84B0E2AC652280022A480 /* Nunito-Black.ttf in Resources */,
				04C84B0F2AC652280022A480 /* GothamProNarrow-Medium.ttf in Resources */,
				04C84B172AC652280022A480 /* gothampro_lightitalic.ttf in Resources */,
				04C84AED2AC652280022A480 /* GothamPro-Narrow-Bold.ttf in Resources */,
				04C84B1B2AC652280022A480 /* GothamPro-Bold.ttf in Resources */,
				04C0E53C2AC154ED008CB682 /* Main.storyboard in Resources */,
				04C84B1E2AC652280022A480 /* Nunito-MediumItalic.ttf in Resources */,
				04C84B012AC652280022A480 /* Nunito-ExtraBold.ttf in Resources */,
				04C84AFF2AC652280022A480 /* gothampro.ttf in Resources */,
				04C84B052AC652280022A480 /* GothamProNarrow-Bold.ttf in Resources */,
				04C84B062AC652280022A480 /* GothamPro-BoldItalic.ttf in Resources */,
				04C84B142AC652280022A480 /* GothamPro-Italic.ttf in Resources */,
				04C84B0D2AC652280022A480 /* Nunito-BoldItalic.ttf in Resources */,
				04C84B112AC652280022A480 /* gothampro_italic.ttf in Resources */,
				04C84B102AC652280022A480 /* Nunito-ExtraLight.ttf in Resources */,
			);
			runOnlyForDeploymentPostprocessing = 0;
		};
/* End PBXResourcesBuildPhase section */

/* Begin PBXSourcesBuildPhase section */
		04C0E52D2AC154ED008CB682 /* Sources */ = {
			isa = PBXSourcesBuildPhase;
			buildActionMask = 2147483647;
			files = (
				0417944C2AC9E52C00B1F45B /* AddProductView.swift in Sources */,
				0417943C2AC9E20900B1F45B /* ProductViewController.swift in Sources */,
				041794512AC9E57C00B1F45B /* AddProductViewController.swift in Sources */,
				04C0E5392AC154ED008CB682 /* ViewController.swift in Sources */,
				041794412AC9E2A500B1F45B /* ChangeProductViewController.swift in Sources */,
				040E47962AC6D7F30047B78A /* APIService.swift in Sources */,
				040E47A42AC6DDBE0047B78A /* CustomTabBar.swift in Sources */,
				04C84AB62AC6508D0022A480 /* ProfileView.swift in Sources */,
				0417944F2AC9E55A00B1F45B /* CustomCellView.swift in Sources */,
				0417942B2AC9E0E100B1F45B /* OTPViewController.swift in Sources */,
				041794292AC9E0C100B1F45B /* OTPView.swift in Sources */,
				04C84AA72AC64C4E0022A480 /* LoginView.swift in Sources */,
				041794372AC9E1BA00B1F45B /* PopUp.swift in Sources */,
				04C0E5352AC154ED008CB682 /* AppDelegate.swift in Sources */,
				04C84AB02AC64D3B0022A480 /* RegistrationViewController.swift in Sources */,
				041794452AC9E35800B1F45B /* StringExtensions.swift in Sources */,
				0417942E2AC9E13500B1F45B /* LikeView.swift in Sources */,
				04C0E5372AC154ED008CB682 /* SceneDelegate.swift in Sources */,
				040E479F2AC6DB960047B78A /* AuthManager.swift in Sources */,
				042F295D2AC862C300E79221 /* NumberViewModel.swift in Sources */,
				042F294D2AC85FB100E79221 /* DataExtencions.swift in Sources */,
				041794472AC9E38500B1F45B /* BorderedTextField.swift in Sources */,
				040E47A22AC6DD4D0047B78A /* CustomTabBarController.swift in Sources */,
				042F29512AC8606100E79221 /* GetUserData.swift in Sources */,
				04C84AA92AC64C8B0022A480 /* LoginViewController.swift in Sources */,
				040E47932AC6CBB30047B78A /* Model.swift in Sources */,
				041794492AC9E3A400B1F45B /* NumberTextField.swift in Sources */,
				042F29562AC861E700E79221 /* FinishRegistrationView.swift in Sources */,
				04C84AA42AC64BE70022A480 /* MainViewController.swift in Sources */,
				04C84AA22AC64BC10022A480 /* MainView.swift in Sources */,
				042F294B2AC85F4E00E79221 /* ProfileViewController.swift in Sources */,
				041794432AC9E2C400B1F45B /* ChangeProductViewModel.swift in Sources */,
				0417943A2AC9E1EC00B1F45B /* ProductViewModel.swift in Sources */,
				042F29452AC851E800E79221 /* PasswordView.swift in Sources */,
				04C0E54E2AC15596008CB682 /* SplashScreenView.swift in Sources */,
				0417943F2AC9E27800B1F45B /* ChangeProductView.swift in Sources */,
				041794332AC9E17600B1F45B /* ProductView.swift in Sources */,
				042F29472AC8521800E79221 /* PasswordViewController.swift in Sources */,
				04C84AAB2AC64C9F0022A480 /* LoginViewModel.swift in Sources */,
				041794352AC9E19C00B1F45B /* ProductCellView.swift in Sources */,
				041794302AC9E15100B1F45B /* LikeViewController.swift in Sources */,
				042F29542AC861D600E79221 /* FinishRegistrationViewController.swift in Sources */,
				04C84AB32AC64FC10022A480 /* AnimatedTextField.swift in Sources */,
				04C84AAE2AC64D1C0022A480 /* RegistrationView.swift in Sources */,
				042F29492AC8524000E79221 /* PasswordViewModel.swift in Sources */,
				041794532AC9E59C00B1F45B /* AddProductViewModel.swift in Sources */,
				042F295B2AC862A300E79221 /* NumberViewController.swift in Sources */,
				042F29592AC8629600E79221 /* NumberView.swift in Sources */,
			);
			runOnlyForDeploymentPostprocessing = 0;
		};
/* End PBXSourcesBuildPhase section */

/* Begin PBXVariantGroup section */
		04C0E53A2AC154ED008CB682 /* Main.storyboard */ = {
			isa = PBXVariantGroup;
			children = (
				04C0E53B2AC154ED008CB682 /* Base */,
			);
			name = Main.storyboard;
			sourceTree = "<group>";
		};
		04C0E53F2AC154EE008CB682 /* LaunchScreen.storyboard */ = {
			isa = PBXVariantGroup;
			children = (
				04C0E5402AC154EE008CB682 /* Base */,
			);
			name = LaunchScreen.storyboard;
			sourceTree = "<group>";
		};
/* End PBXVariantGroup section */

/* Begin XCBuildConfiguration section */
		04C0E5432AC154EE008CB682 /* Debug */ = {
			isa = XCBuildConfiguration;
			buildSettings = {
				ALWAYS_SEARCH_USER_PATHS = NO;
				CLANG_ANALYZER_NONNULL = YES;
				CLANG_ANALYZER_NUMBER_OBJECT_CONVERSION = YES_AGGRESSIVE;
				CLANG_CXX_LANGUAGE_STANDARD = "gnu++20";
				CLANG_ENABLE_MODULES = YES;
				CLANG_ENABLE_OBJC_ARC = YES;
				CLANG_ENABLE_OBJC_WEAK = YES;
				CLANG_WARN_BLOCK_CAPTURE_AUTORELEASING = YES;
				CLANG_WARN_BOOL_CONVERSION = YES;
				CLANG_WARN_COMMA = YES;
				CLANG_WARN_CONSTANT_CONVERSION = YES;
				CLANG_WARN_DEPRECATED_OBJC_IMPLEMENTATIONS = YES;
				CLANG_WARN_DIRECT_OBJC_ISA_USAGE = YES_ERROR;
				CLANG_WARN_DOCUMENTATION_COMMENTS = YES;
				CLANG_WARN_EMPTY_BODY = YES;
				CLANG_WARN_ENUM_CONVERSION = YES;
				CLANG_WARN_INFINITE_RECURSION = YES;
				CLANG_WARN_INT_CONVERSION = YES;
				CLANG_WARN_NON_LITERAL_NULL_CONVERSION = YES;
				CLANG_WARN_OBJC_IMPLICIT_RETAIN_SELF = YES;
				CLANG_WARN_OBJC_LITERAL_CONVERSION = YES;
				CLANG_WARN_OBJC_ROOT_CLASS = YES_ERROR;
				CLANG_WARN_QUOTED_INCLUDE_IN_FRAMEWORK_HEADER = YES;
				CLANG_WARN_RANGE_LOOP_ANALYSIS = YES;
				CLANG_WARN_STRICT_PROTOTYPES = YES;
				CLANG_WARN_SUSPICIOUS_MOVE = YES;
				CLANG_WARN_UNGUARDED_AVAILABILITY = YES_AGGRESSIVE;
				CLANG_WARN_UNREACHABLE_CODE = YES;
				CLANG_WARN__DUPLICATE_METHOD_MATCH = YES;
				COPY_PHASE_STRIP = NO;
				DEBUG_INFORMATION_FORMAT = dwarf;
				ENABLE_STRICT_OBJC_MSGSEND = YES;
				ENABLE_TESTABILITY = YES;
				GCC_C_LANGUAGE_STANDARD = gnu11;
				GCC_DYNAMIC_NO_PIC = NO;
				GCC_NO_COMMON_BLOCKS = YES;
				GCC_OPTIMIZATION_LEVEL = 0;
				GCC_PREPROCESSOR_DEFINITIONS = (
					"DEBUG=1",
					"$(inherited)",
				);
				GCC_WARN_64_TO_32_BIT_CONVERSION = YES;
				GCC_WARN_ABOUT_RETURN_TYPE = YES_ERROR;
				GCC_WARN_UNDECLARED_SELECTOR = YES;
				GCC_WARN_UNINITIALIZED_AUTOS = YES_AGGRESSIVE;
				GCC_WARN_UNUSED_FUNCTION = YES;
				GCC_WARN_UNUSED_VARIABLE = YES;
				IPHONEOS_DEPLOYMENT_TARGET = 16.4;
				MTL_ENABLE_DEBUG_INFO = INCLUDE_SOURCE;
				MTL_FAST_MATH = YES;
				ONLY_ACTIVE_ARCH = YES;
				SDKROOT = iphoneos;
				SWIFT_ACTIVE_COMPILATION_CONDITIONS = DEBUG;
				SWIFT_OPTIMIZATION_LEVEL = "-Onone";
			};
			name = Debug;
		};
		04C0E5442AC154EE008CB682 /* Release */ = {
			isa = XCBuildConfiguration;
			buildSettings = {
				ALWAYS_SEARCH_USER_PATHS = NO;
				CLANG_ANALYZER_NONNULL = YES;
				CLANG_ANALYZER_NUMBER_OBJECT_CONVERSION = YES_AGGRESSIVE;
				CLANG_CXX_LANGUAGE_STANDARD = "gnu++20";
				CLANG_ENABLE_MODULES = YES;
				CLANG_ENABLE_OBJC_ARC = YES;
				CLANG_ENABLE_OBJC_WEAK = YES;
				CLANG_WARN_BLOCK_CAPTURE_AUTORELEASING = YES;
				CLANG_WARN_BOOL_CONVERSION = YES;
				CLANG_WARN_COMMA = YES;
				CLANG_WARN_CONSTANT_CONVERSION = YES;
				CLANG_WARN_DEPRECATED_OBJC_IMPLEMENTATIONS = YES;
				CLANG_WARN_DIRECT_OBJC_ISA_USAGE = YES_ERROR;
				CLANG_WARN_DOCUMENTATION_COMMENTS = YES;
				CLANG_WARN_EMPTY_BODY = YES;
				CLANG_WARN_ENUM_CONVERSION = YES;
				CLANG_WARN_INFINITE_RECURSION = YES;
				CLANG_WARN_INT_CONVERSION = YES;
				CLANG_WARN_NON_LITERAL_NULL_CONVERSION = YES;
				CLANG_WARN_OBJC_IMPLICIT_RETAIN_SELF = YES;
				CLANG_WARN_OBJC_LITERAL_CONVERSION = YES;
				CLANG_WARN_OBJC_ROOT_CLASS = YES_ERROR;
				CLANG_WARN_QUOTED_INCLUDE_IN_FRAMEWORK_HEADER = YES;
				CLANG_WARN_RANGE_LOOP_ANALYSIS = YES;
				CLANG_WARN_STRICT_PROTOTYPES = YES;
				CLANG_WARN_SUSPICIOUS_MOVE = YES;
				CLANG_WARN_UNGUARDED_AVAILABILITY = YES_AGGRESSIVE;
				CLANG_WARN_UNREACHABLE_CODE = YES;
				CLANG_WARN__DUPLICATE_METHOD_MATCH = YES;
				COPY_PHASE_STRIP = NO;
				DEBUG_INFORMATION_FORMAT = "dwarf-with-dsym";
				ENABLE_NS_ASSERTIONS = NO;
				ENABLE_STRICT_OBJC_MSGSEND = YES;
				GCC_C_LANGUAGE_STANDARD = gnu11;
				GCC_NO_COMMON_BLOCKS = YES;
				GCC_WARN_64_TO_32_BIT_CONVERSION = YES;
				GCC_WARN_ABOUT_RETURN_TYPE = YES_ERROR;
				GCC_WARN_UNDECLARED_SELECTOR = YES;
				GCC_WARN_UNINITIALIZED_AUTOS = YES_AGGRESSIVE;
				GCC_WARN_UNUSED_FUNCTION = YES;
				GCC_WARN_UNUSED_VARIABLE = YES;
				IPHONEOS_DEPLOYMENT_TARGET = 16.4;
				MTL_ENABLE_DEBUG_INFO = NO;
				MTL_FAST_MATH = YES;
				SDKROOT = iphoneos;
				SWIFT_COMPILATION_MODE = wholemodule;
				SWIFT_OPTIMIZATION_LEVEL = "-O";
				VALIDATE_PRODUCT = YES;
			};
			name = Release;
		};
		04C0E5462AC154EE008CB682 /* Debug */ = {
			isa = XCBuildConfiguration;
			buildSettings = {
				ASSETCATALOG_COMPILER_APPICON_NAME = AppIcon;
				ASSETCATALOG_COMPILER_GLOBAL_ACCENT_COLOR_NAME = AccentColor;
				CODE_SIGN_STYLE = Automatic;
				CURRENT_PROJECT_VERSION = 1;
				DEVELOPMENT_TEAM = P5S89DFD3A;
				GENERATE_INFOPLIST_FILE = YES;
				INFOPLIST_FILE = neobis_front_auth/Info.plist;
				INFOPLIST_KEY_UIApplicationSupportsIndirectInputEvents = YES;
				INFOPLIST_KEY_UILaunchStoryboardName = LaunchScreen;
				INFOPLIST_KEY_UIMainStoryboardFile = Main;
				INFOPLIST_KEY_UISupportedInterfaceOrientations_iPad = "UIInterfaceOrientationPortrait UIInterfaceOrientationPortraitUpsideDown UIInterfaceOrientationLandscapeLeft UIInterfaceOrientationLandscapeRight";
				INFOPLIST_KEY_UISupportedInterfaceOrientations_iPhone = "UIInterfaceOrientationPortrait UIInterfaceOrientationLandscapeLeft UIInterfaceOrientationLandscapeRight";
				LD_RUNPATH_SEARCH_PATHS = (
					"$(inherited)",
					"@executable_path/Frameworks",
				);
				MARKETING_VERSION = 1.0;
				PRODUCT_BUNDLE_IDENTIFIER = "asko.soronbekov-gmail.com.neobis-front-auth";
				PRODUCT_NAME = "$(TARGET_NAME)";
				SWIFT_EMIT_LOC_STRINGS = YES;
				SWIFT_VERSION = 5.0;
				TARGETED_DEVICE_FAMILY = "1,2";
			};
			name = Debug;
		};
		04C0E5472AC154EE008CB682 /* Release */ = {
			isa = XCBuildConfiguration;
			buildSettings = {
				ASSETCATALOG_COMPILER_APPICON_NAME = AppIcon;
				ASSETCATALOG_COMPILER_GLOBAL_ACCENT_COLOR_NAME = AccentColor;
				CODE_SIGN_STYLE = Automatic;
				CURRENT_PROJECT_VERSION = 1;
				DEVELOPMENT_TEAM = P5S89DFD3A;
				GENERATE_INFOPLIST_FILE = YES;
				INFOPLIST_FILE = neobis_front_auth/Info.plist;
				INFOPLIST_KEY_UIApplicationSupportsIndirectInputEvents = YES;
				INFOPLIST_KEY_UILaunchStoryboardName = LaunchScreen;
				INFOPLIST_KEY_UIMainStoryboardFile = Main;
				INFOPLIST_KEY_UISupportedInterfaceOrientations_iPad = "UIInterfaceOrientationPortrait UIInterfaceOrientationPortraitUpsideDown UIInterfaceOrientationLandscapeLeft UIInterfaceOrientationLandscapeRight";
				INFOPLIST_KEY_UISupportedInterfaceOrientations_iPhone = "UIInterfaceOrientationPortrait UIInterfaceOrientationLandscapeLeft UIInterfaceOrientationLandscapeRight";
				LD_RUNPATH_SEARCH_PATHS = (
					"$(inherited)",
					"@executable_path/Frameworks",
				);
				MARKETING_VERSION = 1.0;
				PRODUCT_BUNDLE_IDENTIFIER = "asko.soronbekov-gmail.com.neobis-front-auth";
				PRODUCT_NAME = "$(TARGET_NAME)";
				SWIFT_EMIT_LOC_STRINGS = YES;
				SWIFT_VERSION = 5.0;
				TARGETED_DEVICE_FAMILY = "1,2";
			};
			name = Release;
		};
/* End XCBuildConfiguration section */

/* Begin XCConfigurationList section */
		04C0E52C2AC154ED008CB682 /* Build configuration list for PBXProject "neobis_front_auth" */ = {
			isa = XCConfigurationList;
			buildConfigurations = (
				04C0E5432AC154EE008CB682 /* Debug */,
				04C0E5442AC154EE008CB682 /* Release */,
			);
			defaultConfigurationIsVisible = 0;
			defaultConfigurationName = Release;
		};
		04C0E5452AC154EE008CB682 /* Build configuration list for PBXNativeTarget "neobis_front_auth" */ = {
			isa = XCConfigurationList;
			buildConfigurations = (
				04C0E5462AC154EE008CB682 /* Debug */,
				04C0E5472AC154EE008CB682 /* Release */,
			);
			defaultConfigurationIsVisible = 0;
			defaultConfigurationName = Release;
		};
/* End XCConfigurationList section */

/* Begin XCRemoteSwiftPackageReference section */
		04C0E5492AC1553A008CB682 /* XCRemoteSwiftPackageReference "SnapKit" */ = {
			isa = XCRemoteSwiftPackageReference;
			repositoryURL = "https://github.com/SnapKit/SnapKit";
			requirement = {
				kind = upToNextMajorVersion;
				minimumVersion = 5.0.0;
			};
		};
		04C84A9A2AC64B3E0022A480 /* XCRemoteSwiftPackageReference "Alamofire" */ = {
			isa = XCRemoteSwiftPackageReference;
			repositoryURL = "https://github.com/Alamofire/Alamofire";
			requirement = {
				kind = upToNextMajorVersion;
				minimumVersion = 5.0.0;
			};
		};
		04C84A9D2AC64B770022A480 /* XCRemoteSwiftPackageReference "AlamofireImage" */ = {
			isa = XCRemoteSwiftPackageReference;
			repositoryURL = "https://github.com/Alamofire/AlamofireImage";
			requirement = {
				kind = upToNextMajorVersion;
				minimumVersion = 4.0.0;
			};
		};
/* End XCRemoteSwiftPackageReference section */

/* Begin XCSwiftPackageProductDependency section */
		04C0E54A2AC1553A008CB682 /* SnapKit */ = {
			isa = XCSwiftPackageProductDependency;
			package = 04C0E5492AC1553A008CB682 /* XCRemoteSwiftPackageReference "SnapKit" */;
			productName = SnapKit;
		};
		04C84A9B2AC64B3E0022A480 /* Alamofire */ = {
			isa = XCSwiftPackageProductDependency;
			package = 04C84A9A2AC64B3E0022A480 /* XCRemoteSwiftPackageReference "Alamofire" */;
			productName = Alamofire;
		};
		04C84A9E2AC64B770022A480 /* AlamofireImage */ = {
			isa = XCSwiftPackageProductDependency;
			package = 04C84A9D2AC64B770022A480 /* XCRemoteSwiftPackageReference "AlamofireImage" */;
			productName = AlamofireImage;
		};
/* End XCSwiftPackageProductDependency section */
	};
	rootObject = 04C0E5292AC154ED008CB682 /* Project object */;
}
